github.com/beorn7/perks v1.0.1 h1:VlbKKnNfV8bJzeqoa4cOKqO6bYr3WgKZxO8Z16+hsOM=
github.com/beorn7/perks v1.0.1/go.mod h1:G2ZrVWU2WbWT9wwq4/hrbKbnv/1ERSJQ0ibhJ6rlkpw=
github.com/cespare/xxhash/v2 v2.2.0 h1:DC2CZ1Ep5Y4k3ZQ899DldepgrayRUGE6BBZ/cd9Cj44=
github.com/cespare/xxhash/v2 v2.2.0/go.mod h1:VGX0DQ3Q6kWi7AoAeZDth3/j3BFtOZR5XLFGgcrjCOs=
github.com/cjwagner/httpcache v0.0.0-20230907212505-d4841bbad466 h1:eUjwn08FDjbj8vBM31026tjBraJCu+qpDvo/q0EAvQk=
github.com/cjwagner/httpcache v0.0.0-20230907212505-d4841bbad466/go.mod h1:f7xZ2fRr8CqTp834KCxLW2pOXC/raqwhTbEvtxu/lRo=
github.com/creack/pty v1.1.9/go.mod h1:oKZEueFk5CKHvIhNR5MUki03XCEU+Q6VDXinZuGJ33E=
github.com/davecgh/go-spew v1.1.0/go.mod h1:J7Y8YcW2NihsgmVo/mv3lAwl/skON4iLHjSsI+c5H38=
github.com/davecgh/go-spew v1.1.1 h1:vj9j/u1bqnvCEfJOwUhtlOARqs3+rkHYY13jYWTU97c=
github.com/davecgh/go-spew v1.1.1/go.mod h1:J7Y8YcW2NihsgmVo/mv3lAwl/skON4iLHjSsI+c5H38=
github.com/dgrijalva/jwt-go/v4 v4.0.0-preview1 h1:CaO/zOnF8VvUfEbhRatPcwKVWamvbYd8tQGRWacE9kU=
github.com/dgrijalva/jwt-go/v4 v4.0.0-preview1/go.mod h1:+hnT3ywWDTAFrW5aE+u2Sa/wT555ZqwoCS+pk3p6ry4=
github.com/ghodss/yaml v1.0.0 h1:wQHKEahhL6wmXdzwWG11gIVCkOv05bNOh+Rxn0yngAk=
github.com/ghodss/yaml v1.0.0/go.mod h1:4dBDuWmgqj2HViK6kFavaiC9ZROes6MMH2rRYeMEF04=
github.com/go-logr/logr v1.2.0/go.mod h1:jdQByPbusPIv2/zmleS9BjJVeZ6kBagPoEUsqbVz/1A=
github.com/go-logr/logr v1.2.4 h1:g01GSCwiDw2xSZfjJ2/T9M+S6pFdcNtFYsp+Y43HYDQ=
github.com/go-logr/logr v1.2.4/go.mod h1:jdQByPbusPIv2/zmleS9BjJVeZ6kBagPoEUsqbVz/1A=
github.com/go-logr/logr v1.3.0 h1:2y3SDp0ZXuc6/cjLSZ+Q3ir+QB9T/iG5yYRXqsagWSY=
github.com/go-logr/logr v1.3.0/go.mod h1:9T104GzyrTigFIr8wt5mBrctHMim0Nb2HLGrmQ40KvY=
github.com/gogo/protobuf v1.3.2 h1:Ov1cvc58UF3b5XjBnZv7+opcTcQFZebYjWzi34vdm4Q=
github.com/gogo/protobuf v1.3.2/go.mod h1:P1XiOD3dCwIKUDQYPy72D8LYyHL2YPYrpS2s69NZV8Q=
github.com/golang/protobuf v1.2.0/go.mod h1:6lQm79b+lXiMfvg/cZm0SGofjICqVBUtrP5yJMmIC1U=
github.com/golang/protobuf v1.3.1/go.mod h1:6lQm79b+lXiMfvg/cZm0SGofjICqVBUtrP5yJMmIC1U=
github.com/golang/protobuf v1.5.0/go.mod h1:FsONVRAS9T7sI+LIUmWTfcYkHO4aIWwzhcaSAoJOfIk=
github.com/golang/protobuf v1.5.3 h1:KhyjKVUg7Usr/dYsdSqoFveMYd5ko72D+zANwlG1mmg=
github.com/golang/protobuf v1.5.3/go.mod h1:XVQd3VNwM+JqD3oG2Ue2ip4fOMUkwXdXDdiuN0vRsmY=
github.com/golang/protobuf v1.5.4 h1:i7eJL8qZTpSEXOPTxNKhASYpMn+8e5Q6AdndVa1dWek=
github.com/golang/protobuf v1.5.4/go.mod h1:lnTiLA8Wa4RWRcIUkrtSVa5nRhsEGBg48fD6rSs7xps=
github.com/gomodule/redigo v1.8.9 h1:Sl3u+2BI/kk+VEatbj0scLdrFhjPmbxOc1myhDP41ws=
github.com/gomodule/redigo v1.8.9/go.mod h1:7ArFNvsTjH8GMMzB4uy1snslv2BwmginuMs06a1uzZE=
github.com/google/btree v1.1.2 h1:xf4v41cLI2Z6FxbKm+8Bu+m8ifhj15JuZ9sa0jZCMUU=
github.com/google/btree v1.1.2/go.mod h1:qOPhT0dTNdNzV6Z/lhRX0YXUafgPLFUh+gZMl761Gm4=
github.com/google/go-cmp v0.5.5/go.mod h1:v8dTdLbMG2kIc/vJvl+f65V22dbkXbowE6jgT/gNBxE=
github.com/google/go-cmp v0.5.9 h1:O2Tfq5qg4qc4AmwVlvv0oLiVAGB7enBSJ2x2DqQFi38=
github.com/google/go-cmp v0.5.9/go.mod h1:17dUlkBOakJ0+DkrSSNjCkIjxS6bF9zb3elmeNGIjoY=
github.com/google/gofuzz v1.0.0/go.mod h1:dBl0BpW6vV/+mYPU4Po3pmUjxk6FQPldtuIdl/M65Eg=
github.com/google/gofuzz v1.2.1-0.20210504230335-f78f29fc09ea h1:VcIYpAGBae3Z6BVncE0OnTE/ZjlDXqtYhOZky88neLM=
github.com/google/gofuzz v1.2.1-0.20210504230335-f78f29fc09ea/go.mod h1:dBl0BpW6vV/+mYPU4Po3pmUjxk6FQPldtuIdl/M65Eg=
github.com/gregjones/httpcache v0.0.0-20190611155906-901d90724c79 h1:+ngKgrYPPJrOjhax5N+uePQ0Fh1Z7PheYoUI/0nzkPA=
github.com/gregjones/httpcache v0.0.0-20190611155906-901d90724c79/go.mod h1:FecbI9+v66THATjSRHfNgh1IVFe/9kFxbXtjV0ctIMA=
github.com/hmarr/codeowners v1.1.2 h1:CdmLJ0e2s2aaH21+3HW1HXJyJqz+OCEiMBfD9iZb3n8=
github.com/hmarr/codeowners v1.1.2/go.mod h1:+ez+YARvfVhzL1MzY0f2+D/VusjODs4iRj3tO/IxBMw=
github.com/json-iterator/go v1.1.12 h1:PV8peI4a0ysnczrg+LtxykD8LfKY9ML6u2jnxaEnrnM=
github.com/json-iterator/go v1.1.12/go.mod h1:e30LSqwooZae/UwlEbR2852Gd8hjQvJoHmT4TnhNGBo=
github.com/kisielk/errcheck v1.5.0/go.mod h1:pFxgyoBC7bSaBwPgfKdkLd5X25qrDl4LWUI2bnpBCr8=
github.com/kisielk/gotool v1.0.0/go.mod h1:XhKaO+MFFWcvkIS/tQcRk01m1F5IRFswLeQ+oQHNcck=
github.com/kr/pretty v0.3.1 h1:flRD4NNwYAUpkphVc1HcthR4KEIFJ65n8Mw5qdRn3LE=
github.com/kr/text v0.2.0 h1:5Nx0Ya0ZqY2ygV366QzturHI13Jq95ApcVaJBhpS+AY=
github.com/kr/text v0.2.0/go.mod h1:eLer722TekiGuMkidMxC/pM04lWEeraHUUmBw8l2grE=
github.com/matttproud/golang_protobuf_extensions v1.0.4 h1:mmDVorXM7PCGKw94cs5zkfA9PSy5pEvNWRP0ET0TIVo=
github.com/matttproud/golang_protobuf_extensions v1.0.4/go.mod h1:BSXmuO+STAnVfrANrmjBb36TMTDstsz7MSK+HVaYKv4=
github.com/modern-go/concurrent v0.0.0-20180228061459-e0a39a4cb421/go.mod h1:6dJC0mAP4ikYIbvyc7fijjWJddQyLn8Ig3JB5CqoB9Q=
github.com/modern-go/concurrent v0.0.0-20180306012644-bacd9c7ef1dd h1:TRLaZ9cD/w8PVh93nsPXa1VrQ6jlwL5oN8l14QlcNfg=
github.com/modern-go/concurrent v0.0.0-20180306012644-bacd9c7ef1dd/go.mod h1:6dJC0mAP4ikYIbvyc7fijjWJddQyLn8Ig3JB5CqoB9Q=
github.com/modern-go/reflect2 v1.0.2 h1:xBagoLtFs94CBntxluKeaWgTMpvLxC4ur3nMaC9Gz0M=
github.com/modern-go/reflect2 v1.0.2/go.mod h1:yWuevngMOJpCy52FWWMvUC8ws7m/LJsjYzDa0/r8luk=
github.com/peterbourgon/diskv v2.0.1+incompatible h1:UBdAOUP5p4RWqPBg048CAvpKN+vxiaj6gdUUzhl4XmI=
github.com/peterbourgon/diskv v2.0.1+incompatible/go.mod h1:uqqh8zWWbv1HBMNONnaR/tNboyR3/BZd58JJSHlUSCU=
github.com/pmezard/go-difflib v1.0.0 h1:4DBwDE0NGyQoBHbLQYPwSUPoCMWR5BEzIk/f1lZbAQM=
github.com/pmezard/go-difflib v1.0.0/go.mod h1:iKH77koFhYxTK1pcRnkKkqfTogsbg7gZNVY4sRDYZ/4=
github.com/prometheus/client_golang v1.15.1 h1:8tXpTmJbyH5lydzFPoxSIJ0J46jdh3tylbvM1xCv0LI=
github.com/prometheus/client_golang v1.15.1/go.mod h1:e9yaBhRPU2pPNsZwE+JdQl0KEt1N9XgF6zxWmaC0xOk=
github.com/prometheus/client_model v0.4.0 h1:5lQXD3cAg1OXBf4Wq03gTrXHeaV0TQvGfUooCfx1yqY=
github.com/prometheus/client_model v0.4.0/go.mod h1:oMQmHW1/JoDwqLtg57MGgP/Fb1CJEYF2imWWhWtMkYU=
github.com/prometheus/common v0.42.0 h1:EKsfXEYo4JpWMHH5cg+KOUWeuJSov1Id8zGR8eeI1YM=
github.com/prometheus/common v0.42.0/go.mod h1:xBwqVerjNdUDjgODMpudtOMwlOwf2SaTr1yjz4b7Zbc=
github.com/prometheus/procfs v0.9.0 h1:wzCHvIvM5SxWqYvwgVL7yJY8Lz3PKn49KQtpgMYJfhI=
github.com/prometheus/procfs v0.9.0/go.mod h1:+pB4zwohETzFnmlpe6yd2lSc+0/46IYZRB/chUwxUZY=
github.com/rogpeppe/go-internal v1.10.0 h1:TMyTOH3F/DB16zRVcYyreMH6GnZZrwQVAoYjRBZyWFQ=
github.com/rogpeppe/go-internal v1.10.0/go.mod h1:UQnix2H7Ngw/k4C5ijL5+65zddjncjaFoBhdsK/akog=
github.com/shurcooL/githubv4 v0.0.0-20230424031643-6cea62ecd5a9 h1:nCBaIs5/R0HFP5+aPW/SzFUF8z0oKuCXmuDmHWaxzjY=
github.com/shurcooL/githubv4 v0.0.0-20230424031643-6cea62ecd5a9/go.mod h1:hAF0iLZy4td2EX+/8Tw+4nodhlMrwN3HupfaXj3zkGo=
github.com/shurcooL/graphql v0.0.0-20220606043923-3cf50f8a0a29 h1:B1PEwpArrNp4dkQrfxh/abbBAOZBVp0ds+fBEOUOqOc=
github.com/shurcooL/graphql v0.0.0-20220606043923-3cf50f8a0a29/go.mod h1:AuYgA5Kyo4c7HfUmvRGs/6rGlMMV/6B1bVnB9JxJEEg=
github.com/sirupsen/logrus v1.9.0 h1:trlNQbNUG3OdDrDil03MCb1H2o9nJ1x4/5LYw7byDE0=
github.com/sirupsen/logrus v1.9.0/go.mod h1:naHLuLoDiP4jHNo9R0sCBMtWGeIprob74mVsIT4qYEQ=
github.com/spf13/pflag v1.0.5 h1:iy+VFUOCP1a+8yFto/drg2CJ5u0yRoB7fZw3DKv/JXA=
github.com/spf13/pflag v1.0.5/go.mod h1:McXfInJRrz4CZXVZOBLb0bTZqETkiAhM9Iw0y3An2Bg=
github.com/stretchr/objx v0.1.0/go.mod h1:HFkY916IF+rwdDfMAkV7OtwuqBVzrE8GR6GFx+wExME=
github.com/stretchr/objx v0.4.0/go.mod h1:YvHI0jy2hoMjB+UWwv71VJQ9isScKT/TqJzVSSt89Yw=
github.com/stretchr/testify v1.3.0/go.mod h1:M5WIy9Dh21IEIfnGCwXGc5bZfKNJtfHm1UVUgZn+9EI=
github.com/stretchr/testify v1.7.0/go.mod h1:6Fq8oRcR53rry900zMqJjRRixrwX3KX962/h/Wwjteg=
github.com/stretchr/testify v1.7.1/go.mod h1:6Fq8oRcR53rry900zMqJjRRixrwX3KX962/h/Wwjteg=
github.com/stretchr/testify v1.8.0/go.mod h1:yNjHg4UonilssWZ8iaSj1OCr/vHnekPRkoO+kdMU+MU=
github.com/stretchr/testify v1.8.1 h1:w7B6lhMri9wdJUVmEZPGGhZzrYTPvgJArz7wNPgYKsk=
github.com/yuin/goldmark v1.1.27/go.mod h1:3hX8gzYuyVAZsxl0MRgGTJEmQBFcNTphYh9decYSb74=
github.com/yuin/goldmark v1.2.1/go.mod h1:3hX8gzYuyVAZsxl0MRgGTJEmQBFcNTphYh9decYSb74=
golang.org/x/crypto v0.0.0-20190308221718-c2843e01d9a2/go.mod h1:djNgcEr1/C05ACkg1iLfiJU5Ep61QUkGW8qpdssI0+w=
golang.org/x/crypto v0.0.0-20191011191535-87dc89f01550/go.mod h1:yigFU9vqHzYiE8UmvKecakEJjdnWj3jj499lnFckfCI=
golang.org/x/crypto v0.0.0-20200622213623-75b288015ac9/go.mod h1:LzIPMQfyMNhhGPhUkYOs5KpL4U8rLKemX1yGLhDgUto=
golang.org/x/mod v0.2.0/go.mod h1:s0Qsj1ACt9ePp/hMypM3fl4fZqREWJwdYDEqhRiZZUA=
golang.org/x/mod v0.3.0/go.mod h1:s0Qsj1ACt9ePp/hMypM3fl4fZqREWJwdYDEqhRiZZUA=
golang.org/x/net v0.0.0-20190404232315-eb5bcb51f2a3/go.mod h1:t9HGtf8HONx5eT2rtn7q6eTqICYqUVnKs3thJo3Qplg=
golang.org/x/net v0.0.0-20190603091049-60506f45cf65/go.mod h1:HSz+uSET+XFnRR8LxR5pz3Of3rY3CfYBVs4xY44aLks=
golang.org/x/net v0.0.0-20190620200207-3b0461eec859/go.mod h1:z5CRVTTTmAJ677TzLLGU+0bjPO0LkuOLi4/5GtJWs/s=
golang.org/x/net v0.0.0-20200226121028-0de0cce0169b/go.mod h1:z5CRVTTTmAJ677TzLLGU+0bjPO0LkuOLi4/5GtJWs/s=
golang.org/x/net v0.0.0-20201021035429-f5854403a974/go.mod h1:sp8m0HH+o8qH0wwXwYZr8TS3Oi6o0r6Gce1SSxlDquU=
golang.org/x/net v0.9.0 h1:aWJ/m6xSmxWBx+V0XRHTlrYrPG56jKsLdTFmsSsCzOM=
golang.org/x/net v0.9.0/go.mod h1:d48xBJpPfHeWQsugry2m+kC02ZBRGRgulfHnEXEuWns=
golang.org/x/net v0.19.0 h1:zTwKpTd2XuCqf8huc7Fo2iSy+4RHPd10s4KzeTnVr1c=
golang.org/x/net v0.19.0/go.mod h1:CfAk/cbD4CthTvqiEl8NpboMuiuOYsAr/7NOjZJtv1U=
golang.org/x/oauth2 v0.7.0 h1:qe6s0zUXlPX80/dITx3440hWZ7GwMwgDDyrSGTPJG/g=
golang.org/x/oauth2 v0.7.0/go.mod h1:hPLQkd9LyjfXTiRohC/41GhcFqxisoUQ99sCUOHO9x4=
golang.org/x/oauth2 v0.8.0 h1:6dkIjl3j3LtZ/O3sTgZTMsLKSftL/B8Zgq4huOIIUu8=
golang.org/x/oauth2 v0.8.0/go.mod h1:yr7u4HXZRm1R1kBWqr/xKNqewf0plRYoB7sla+BCIXE=
golang.org/x/sync v0.0.0-20181221193216-37e7f081c4d4/go.mod h1:RxMgew5VJxzue5/jJTE5uejpjVlOe/izrB70Jof72aM=
golang.org/x/sync v0.0.0-20190423024810-112230192c58/go.mod h1:RxMgew5VJxzue5/jJTE5uejpjVlOe/izrB70Jof72aM=
golang.org/x/sync v0.0.0-20190911185100-cd5d95a43a6e/go.mod h1:RxMgew5VJxzue5/jJTE5uejpjVlOe/izrB70Jof72aM=
golang.org/x/sync v0.0.0-20201020160332-67f06af15bc9/go.mod h1:RxMgew5VJxzue5/jJTE5uejpjVlOe/izrB70Jof72aM=
golang.org/x/sync v0.2.0 h1:PUR+T4wwASmuSTYdKjYHI5TD22Wy5ogLU5qZCOLxBrI=
golang.org/x/sync v0.2.0/go.mod h1:RxMgew5VJxzue5/jJTE5uejpjVlOe/izrB70Jof72aM=
golang.org/x/sys v0.0.0-20190215142949-d0b11bdaac8a/go.mod h1:STP8DvDyc/dI5b8T5hshtkjS+E42TnysNCUPdjciGhY=
golang.org/x/sys v0.0.0-20190412213103-97732733099d/go.mod h1:h1NjWce9XRLGQEsW7wpKNCjG9DtNlClVuFLEZdDNbEs=
golang.org/x/sys v0.0.0-20200930185726-fdedc70b468f/go.mod h1:h1NjWce9XRLGQEsW7wpKNCjG9DtNlClVuFLEZdDNbEs=
golang.org/x/sys v0.0.0-20220715151400-c0bba94af5f8/go.mod h1:oPkhp1MJrh7nUepCBck5+mAzfO9JrbApNNgaTdGDITg=
golang.org/x/sys v0.8.0 h1:EBmGv8NaZBZTWvrbjNoL6HVt+IVy3QDQpJs7VRIw3tU=
golang.org/x/sys v0.8.0/go.mod h1:oPkhp1MJrh7nUepCBck5+mAzfO9JrbApNNgaTdGDITg=
golang.org/x/sys v0.15.0 h1:h48lPFYpsTvQJZF4EKyI4aLHaev3CxivZmv7yZig9pc=
golang.org/x/sys v0.15.0/go.mod h1:/VUhepiaJMQUp4+oa/7Zr1D23ma6VTLIYjOOTFZPUcA=
golang.org/x/text v0.3.0/go.mod h1:NqM8EUOU14njkJ3fqMW+pc6Ldnwhi/IjpwHt7yyuwOQ=
golang.org/x/text v0.3.2/go.mod h1:bEr9sfX3Q8Zfm5fL9x+3itogRgK3+ptLWKqgva+5dAk=
golang.org/x/text v0.3.3/go.mod h1:5Zoc/QRtKVWzQhOtBMvqHzDpF6irO9z98xDceosuGiQ=
golang.org/x/text v0.9.0 h1:2sjJmO8cDvYveuX97RDLsxlyUxLl+GHoLxBiRdHllBE=
golang.org/x/text v0.9.0/go.mod h1:e1OnstbJyHTd6l/uOt8jFFHp6TRDWZR/bV3emEE/zU8=
golang.org/x/text v0.14.0 h1:ScX5w1eTa3QqT8oi6+ziP7dTV1S2+ALU0bI+0zXKWiQ=
golang.org/x/text v0.14.0/go.mod h1:18ZOQIKpY8NJVqYksKHtTdi31H5itFRjB5/qKTNYzSU=
golang.org/x/tools v0.0.0-20180917221912-90fa682c2a6e/go.mod h1:n7NCudcB/nEzxVGmLbDWY5pfWTLqBcC2KZ6jyYvM4mQ=
golang.org/x/tools v0.0.0-20191119224855-298f0cb1881e/go.mod h1:b+2E5dAYhXwXZwtnZ6UAqBI28+e2cm9otk0dWdXHAEo=
golang.org/x/tools v0.0.0-20200619180055-7c47624df98f/go.mod h1:EkVYQZoAsY45+roYkvgYkIh4xh/qjgUK9TdY2XT94GE=
golang.org/x/tools v0.0.0-20210106214847-113979e3529a/go.mod h1:emZCQorbCU4vsT4fOWvOPXz4eW1wZW4PmDk9uLelYpA=
golang.org/x/xerrors v0.0.0-20190717185122-a985d3407aa7/go.mod h1:I/5z698sn9Ka8TeJc9MKroUUfqBBauWjQqLJ2OPfmY0=
golang.org/x/xerrors v0.0.0-20191011141410-1b5146add898/go.mod h1:I/5z698sn9Ka8TeJc9MKroUUfqBBauWjQqLJ2OPfmY0=
golang.org/x/xerrors v0.0.0-20191204190536-9bdfabe68543/go.mod h1:I/5z698sn9Ka8TeJc9MKroUUfqBBauWjQqLJ2OPfmY0=
golang.org/x/xerrors v0.0.0-20200804184101-5ec99f83aff1/go.mod h1:I/5z698sn9Ka8TeJc9MKroUUfqBBauWjQqLJ2OPfmY0=
golang.org/x/xerrors v0.0.0-20220609144429-65e65417b02f h1:uF6paiQQebLeSXkrTqHqz0MXhXXS1KgF41eUdBNvxK0=
google.golang.org/appengine v1.6.7 h1:FZR1q0exgwxzPzp/aF+VccGrSfxfPpkBqjIIEq3ru6c=
google.golang.org/appengine v1.6.7/go.mod h1:8WjMMxjGQR8xUklV/ARdw2HLXBOI7O7uCIDZVag1xfc=
google.golang.org/protobuf v1.26.0-rc.1/go.mod h1:jlhhOSvTdKEhbULTjvd4ARK9grFBp09yW+WbY/TyQbw=
google.golang.org/protobuf v1.26.0/go.mod h1:9q0QmTI4eRPtz6boOQmLYwt+qCgq0jsYwAQnmE0givc=
google.golang.org/protobuf v1.30.0 h1:kPPoIgf3TsEvrm0PFe15JQ+570QVxYzEvvHqChK+cng=
google.golang.org/protobuf v1.30.0/go.mod h1:HV8QOd/L58Z+nl8r43ehVNZIU/HEI6OcFqwMG9pJV4I=
google.golang.org/protobuf v1.31.0 h1:g0LDEJHgrBl9N9r17Ru3sqWhkIx2NB67okBHPwC7hs8=
google.golang.org/protobuf v1.31.0/go.mod h1:HV8QOd/L58Z+nl8r43ehVNZIU/HEI6OcFqwMG9pJV4I=
google.golang.org/protobuf v1.33.0 h1:uNO2rsAINq/JlFpSdYEKIZ0uKD/R9cpdv0T+yoGwGmI=
google.golang.org/protobuf v1.33.0/go.mod h1:c6P6GXX6sHbq/GpV6MGZEdwhWPcYBgnhAHhKbcUYpos=
gopkg.in/check.v1 v0.0.0-20161208181325-20d25e280405/go.mod h1:Co6ibVJAznAaIkqp8huTwlJQCZ016jof/cbN4VW5Yz0=
gopkg.in/check.v1 v1.0.0-20201130134442-10cb98267c6c h1:Hei/4ADfdWqJk1ZMxUNpqntNwaWcugrBjAiHlqqRiVk=
gopkg.in/inf.v0 v0.9.1 h1:73M5CoZyi3ZLMOyDlQh031Cx6N9NDJ2Vvfl76EDAgDc=
gopkg.in/inf.v0 v0.9.1/go.mod h1:cWUDdTG/fYaXco+Dcufb5Vnc6Gp2YChqWtbxRZE0mXw=
gopkg.in/yaml.v2 v2.2.8/go.mod h1:hI93XBmqTisBFMUTm0b8Fm+jr3Dg1NNxqwp+5A1VGuI=
gopkg.in/yaml.v2 v2.4.0 h1:D8xgwECY7CYvx+Y2n4sBz93Jn9JRvxdiyyo8CTfuKaY=
gopkg.in/yaml.v2 v2.4.0/go.mod h1:RDklbk79AGWmwhnvt/jBztapEOGDOx6ZbXqjP6csGnQ=
gopkg.in/yaml.v3 v3.0.0-20200313102051-9f266ea9e77c/go.mod h1:K4uyk7z7BCEPqu6E+C64Yfv1cQ7kz7rIZviUmN+EgEM=
gopkg.in/yaml.v3 v3.0.1 h1:fxVm/GzAzEWqLHuvctI91KS9hhNmmWOoWu0XTYJS7CA=
gopkg.in/yaml.v3 v3.0.1/go.mod h1:K4uyk7z7BCEPqu6E+C64Yfv1cQ7kz7rIZviUmN+EgEM=
k8s.io/apimachinery v0.27.1 h1:EGuZiLI95UQQcClhanryclaQE6xjg1Bts6/L3cD7zyc=
k8s.io/apimachinery v0.27.1/go.mod h1:5ikh59fK3AJ287GUvpUsryoMFtH9zj/ARfWCo3AyXTM=
k8s.io/apimachinery v0.29.2 h1:EWGpfJ856oj11C52NRCHuU7rFDwxev48z+6DSlGNsV8=
k8s.io/apimachinery v0.29.2/go.mod h1:6HVkd1FwxIagpYrHSwJlQqZI3G9LfYWRPAkUvLnXTKU=
k8s.io/apimachinery v0.29.3 h1:2tbx+5L7RNvqJjn7RIuIKu9XTsIZ9Z5wX2G22XAa5EU=
k8s.io/apimachinery v0.29.3/go.mod h1:hx/S4V2PNW4OMg3WizRrHutyB5la0iCUbZym+W0EQIU=
k8s.io/klog/v2 v2.100.1 h1:7WCHKK6K8fNhTqfBhISHQ97KrnJNFZMcQvKp7gP/tmg=
k8s.io/klog/v2 v2.100.1/go.mod h1:y1WjHnz7Dj687irZUWR/WLkLc5N1YHtjLdmgWjndZn0=
k8s.io/klog/v2 v2.110.1 h1:U/Af64HJf7FcwMcXyKm2RPM22WZzyR7OSpYj5tg3cL0=
k8s.io/klog/v2 v2.110.1/go.mod h1:YGtd1984u+GgbuZ7e08/yBuAfKLSO0+uR1Fhi6ExXjo=
k8s.io/test-infra v0.0.0-20230504232712-2f742bc02eea h1:cz2fOItygpfToKFTma/Lij17arU03OOOTMiUU7yQ1u0=
k8s.io/test-infra v0.0.0-20230504232712-2f742bc02eea/go.mod h1:ABzH7x8s/0PtdiYEmXnNXGXLLSfr5P/LlTkDbj7/n0E=
k8s.io/test-infra v0.0.0-20240314153839-1146864f9298 h1:LAlNQfolgLO3bXSq4jE/Olvk8iD2s56SKlSLT91Esl4=
k8s.io/test-infra v0.0.0-20240314153839-1146864f9298/go.mod h1:2eoHxXPfRvETWWaYJlV3fqdDJq6PGdr2Ia2nyhmLu4I=
k8s.io/test-infra v0.0.0-20240314172451-4bc9566ce140 h1:cWDkKsB4oEDDEW9A1BYMYFXoe3H5eV1qqds8QgkDBAM=
k8s.io/test-infra v0.0.0-20240314172451-4bc9566ce140/go.mod h1:2eoHxXPfRvETWWaYJlV3fqdDJq6PGdr2Ia2nyhmLu4I=
k8s.io/test-infra v0.0.0-20240314233445-056b7d364acd h1:pAJz8zSJOPKlzOF7zN+VM8GcTodiB+khnwM9inFzy3o=
k8s.io/test-infra v0.0.0-20240314233445-056b7d364acd/go.mod h1:2eoHxXPfRvETWWaYJlV3fqdDJq6PGdr2Ia2nyhmLu4I=
k8s.io/test-infra v0.0.0-20240315103730-1b281856c041 h1:SHmTQMXHZUIIPG+WBFnSAw0Tmk89SAWVvt9atV5PsAo=
k8s.io/test-infra v0.0.0-20240315103730-1b281856c041/go.mod h1:2eoHxXPfRvETWWaYJlV3fqdDJq6PGdr2Ia2nyhmLu4I=
k8s.io/test-infra v0.0.0-20240317090824-2ba032b5c174 h1:l9zJmM2MSwovLcBaOoNeD3IkR+mE3dUz17BaKVaRW3k=
k8s.io/test-infra v0.0.0-20240317090824-2ba032b5c174/go.mod h1:2eoHxXPfRvETWWaYJlV3fqdDJq6PGdr2Ia2nyhmLu4I=
k8s.io/test-infra v0.0.0-20240318095924-244bb169e955 h1:Y6Qk1ItkdyW4B9Xa1LMzrbUnOD5DI9hHMtPXySlXW5Q=
k8s.io/test-infra v0.0.0-20240318095924-244bb169e955/go.mod h1:2eoHxXPfRvETWWaYJlV3fqdDJq6PGdr2Ia2nyhmLu4I=
k8s.io/test-infra v0.0.0-20240318165002-546c34e1df03 h1:TUSJ230IJJzwAijtBhm5903rpL6Ydh3kGOku6/6G0Mo=
k8s.io/test-infra v0.0.0-20240318165002-546c34e1df03/go.mod h1:2eoHxXPfRvETWWaYJlV3fqdDJq6PGdr2Ia2nyhmLu4I=
k8s.io/test-infra v0.0.0-20240320222356-bbb4f1bc463b h1:gK0KnZip8NJNjyE63cASvfp3tCgwOWFJP/gAMrO5Lxg=
k8s.io/test-infra v0.0.0-20240320222356-bbb4f1bc463b/go.mod h1:2eoHxXPfRvETWWaYJlV3fqdDJq6PGdr2Ia2nyhmLu4I=
k8s.io/test-infra v0.0.0-20240321070143-d21b8d232c4a h1:Tj/4/v7JLqCzF1S0ap+iEpY2O187nF4z/HEa2Zlfxl0=
k8s.io/test-infra v0.0.0-20240321070143-d21b8d232c4a/go.mod h1:2eoHxXPfRvETWWaYJlV3fqdDJq6PGdr2Ia2nyhmLu4I=
k8s.io/test-infra v0.0.0-20240321214727-dbfee5617994 h1:KfPTA9P7dDcrlkoiRkL/opGQPdAyrwI5E8cKhUZKji8=
k8s.io/test-infra v0.0.0-20240321214727-dbfee5617994/go.mod h1:2eoHxXPfRvETWWaYJlV3fqdDJq6PGdr2Ia2nyhmLu4I=
k8s.io/test-infra v0.0.0-20240322195300-64c608e869b1 h1:Uhz7R5IEwF0IbcvgXl1jOQ5o2cScVNM3jLmlZQ6WO6s=
k8s.io/test-infra v0.0.0-20240322195300-64c608e869b1/go.mod h1:2eoHxXPfRvETWWaYJlV3fqdDJq6PGdr2Ia2nyhmLu4I=
k8s.io/test-infra v0.0.0-20240324145439-2d27ff90347a h1:cQzKCdrh88Ts0aORmIwWnApxNYiQnq3OLaZcV/p5KEI=
k8s.io/test-infra v0.0.0-20240324145439-2d27ff90347a/go.mod h1:2eoHxXPfRvETWWaYJlV3fqdDJq6PGdr2Ia2nyhmLu4I=
k8s.io/test-infra v0.0.0-20240325103303-02ee6d1d0cb5 h1:YI8OO+DI5p4nEUTK3Ut9qKkJFha2/GSKcr1geTVyYDo=
k8s.io/test-infra v0.0.0-20240325103303-02ee6d1d0cb5/go.mod h1:2eoHxXPfRvETWWaYJlV3fqdDJq6PGdr2Ia2nyhmLu4I=
k8s.io/test-infra v0.0.0-20240325164445-bedfefc8b441 h1:Kb1jtqA6hCQwSHPq+WfC7nrRrrl1GKQZu+RPggZBXPE=
k8s.io/test-infra v0.0.0-20240325164445-bedfefc8b441/go.mod h1:2eoHxXPfRvETWWaYJlV3fqdDJq6PGdr2Ia2nyhmLu4I=
k8s.io/test-infra v0.0.0-20240326013919-b7ee8eb0837c h1:lTEr/aKtqx3BxlGva0SIFX5v46BmOtsdx7Lkhd4F9ZA=
k8s.io/test-infra v0.0.0-20240326013919-b7ee8eb0837c/go.mod h1:2eoHxXPfRvETWWaYJlV3fqdDJq6PGdr2Ia2nyhmLu4I=
k8s.io/test-infra v0.0.0-20240326094120-2f66f250aa59 h1:ukZB0zARJkzyKA3NXK6VdMKA4JpzvLpbZPG/mTnW9Kw=
k8s.io/test-infra v0.0.0-20240326094120-2f66f250aa59/go.mod h1:2eoHxXPfRvETWWaYJlV3fqdDJq6PGdr2Ia2nyhmLu4I=
k8s.io/test-infra v0.0.0-20240326233307-867714f4b95b h1:YZvoGKBT5vW6Syipd82OnNgEgQDtXX2QLCsU26DcY5M=
k8s.io/test-infra v0.0.0-20240326233307-867714f4b95b/go.mod h1:2eoHxXPfRvETWWaYJlV3fqdDJq6PGdr2Ia2nyhmLu4I=
k8s.io/test-infra v0.0.0-20240328010026-3daa10310564 h1:PRrYUuE/xk8UhcoZdDrLzHLzkboleBkQOCpZYKedwdE=
k8s.io/test-infra v0.0.0-20240328010026-3daa10310564/go.mod h1:2eoHxXPfRvETWWaYJlV3fqdDJq6PGdr2Ia2nyhmLu4I=
k8s.io/test-infra v0.0.0-20240329040717-b4ef1ec5bfe2 h1:Q+Zrq5tY+ru3MKlCff6gvPEywgsYOV+XSNdg/niJUZ4=
k8s.io/test-infra v0.0.0-20240329040717-b4ef1ec5bfe2/go.mod h1:2eoHxXPfRvETWWaYJlV3fqdDJq6PGdr2Ia2nyhmLu4I=
k8s.io/test-infra v0.0.0-20240329192732-fc17bdd16bbe h1:Zb31NZbhk46cqFCNiN2TYijdf0oyuF0MbIvJG/2vAw0=
k8s.io/test-infra v0.0.0-20240329192732-fc17bdd16bbe/go.mod h1:2eoHxXPfRvETWWaYJlV3fqdDJq6PGdr2Ia2nyhmLu4I=
k8s.io/test-infra v0.0.0-20240331215133-81e13c1b69d7 h1:XP1iVTmgJktxYPVqjxBvzpvQTn1rVt/D5NO+0o+ZKZg=
k8s.io/test-infra v0.0.0-20240331215133-81e13c1b69d7/go.mod h1:2eoHxXPfRvETWWaYJlV3fqdDJq6PGdr2Ia2nyhmLu4I=
k8s.io/test-infra v0.0.0-20240401054934-0d8a424585ec h1:H1IEcVlT/BdLdmsULAkiKlT7NA310g3+fpSderYZJeM=
k8s.io/test-infra v0.0.0-20240401054934-0d8a424585ec/go.mod h1:2eoHxXPfRvETWWaYJlV3fqdDJq6PGdr2Ia2nyhmLu4I=
k8s.io/test-infra v0.0.0-20240402012459-b059e8c2c03a h1:ZHy4zut89MeDTUXa0hE2LHfqhznJdOpZk6vNcoPdigw=
k8s.io/test-infra v0.0.0-20240402012459-b059e8c2c03a/go.mod h1:2eoHxXPfRvETWWaYJlV3fqdDJq6PGdr2Ia2nyhmLu4I=
k8s.io/test-infra v0.0.0-20240402125411-5d4571a35499 h1:yrQFImbljOxp8H5rkOImrTZqTSVZTN/8W6/sw0zRx4w=
k8s.io/test-infra v0.0.0-20240402125411-5d4571a35499/go.mod h1:2eoHxXPfRvETWWaYJlV3fqdDJq6PGdr2Ia2nyhmLu4I=
k8s.io/test-infra v0.0.0-20240402232611-50dfb3cebae0 h1:1KyHHvWf/X1dUhgw4AL+YpztGnUWkbiG3sIPWMorH34=
k8s.io/test-infra v0.0.0-20240402232611-50dfb3cebae0/go.mod h1:2eoHxXPfRvETWWaYJlV3fqdDJq6PGdr2Ia2nyhmLu4I=
k8s.io/test-infra v0.0.0-20240403173013-f1101a8b4e14 h1:pdfAChEMJvRfv3fD00eComGzVkBpWT3Ncnxqr18y1JY=
k8s.io/test-infra v0.0.0-20240403173013-f1101a8b4e14/go.mod h1:2eoHxXPfRvETWWaYJlV3fqdDJq6PGdr2Ia2nyhmLu4I=
k8s.io/utils v0.0.0-20230406110748-d93618cff8a2 h1:qY1Ad8PODbnymg2pRbkyMT/ylpTrCM8P2RJ0yroCyIk=
k8s.io/utils v0.0.0-20230406110748-d93618cff8a2/go.mod h1:OLgZIPagt7ERELqWJFomSt595RzquPNLL48iOWgYOg0=
k8s.io/utils v0.0.0-20230726121419-3b25d923346b h1:sgn3ZU783SCgtaSJjpcVVlRqd6GSnlTLKgpAAttJvpI=
k8s.io/utils v0.0.0-20230726121419-3b25d923346b/go.mod h1:OLgZIPagt7ERELqWJFomSt595RzquPNLL48iOWgYOg0=
sigs.k8s.io/json v0.0.0-20221116044647-bc3834ca7abd h1:EDPBXCAspyGV4jQlpZSudPeMmr1bNJefnuqLsRAsHZo=
sigs.k8s.io/json v0.0.0-20221116044647-bc3834ca7abd/go.mod h1:B8JuhiUyNFVKdsE8h686QcCxMaH6HrOAZj4vswFpcB0=
sigs.k8s.io/structured-merge-diff/v4 v4.2.3 h1:PRbqxJClWWYMNV1dhaG4NsibJbArud9kFxnAMREiWFE=
sigs.k8s.io/structured-merge-diff/v4 v4.2.3/go.mod h1:qjx8mGObPmV2aSZepjQjbmb2ihdVs8cGKBraizNC69E=
sigs.k8s.io/structured-merge-diff/v4 v4.4.1 h1:150L+0vs/8DA78h1u02ooW1/fFq/Lwr+sGiqlzvrtq4=
sigs.k8s.io/structured-merge-diff/v4 v4.4.1/go.mod h1:N8hJocpFajUSSeSJ9bOZ77VzejKZaXsTtZo4/u7Io08=
sigs.k8s.io/yaml v1.3.0 h1:a2VclLzOGrwOHDiV8EfBGhvjHvP46CtW5j6POvhYGGo=
sigs.k8s.io/yaml v1.3.0/go.mod h1:GeOyir5tyXNByN85N/dRIT9es5UQNerPYEKK56eTBm8=
