github.com/beorn7/perks v1.0.1 h1:VlbKKnNfV8bJzeqoa4cOKqO6bYr3WgKZxO8Z16+hsOM=
github.com/beorn7/perks v1.0.1/go.mod h1:G2ZrVWU2WbWT9wwq4/hrbKbnv/1ERSJQ0ibhJ6rlkpw=
github.com/cespare/xxhash/v2 v2.3.0 h1:UL815xU9SqsFlibzuggzjXhog7bL6oX9BbNZnL2UFvs=
github.com/cespare/xxhash/v2 v2.3.0/go.mod h1:VGX0DQ3Q6kWi7AoAeZDth3/j3BFtOZR5XLFGgcrjCOs=
github.com/cjwagner/httpcache v0.0.0-20230907212505-d4841bbad466 h1:eUjwn08FDjbj8vBM31026tjBraJCu+qpDvo/q0EAvQk=
github.com/cjwagner/httpcache v0.0.0-20230907212505-d4841bbad466/go.mod h1:f7xZ2fRr8CqTp834KCxLW2pOXC/raqwhTbEvtxu/lRo=
github.com/creack/pty v1.1.9/go.mod h1:oKZEueFk5CKHvIhNR5MUki03XCEU+Q6VDXinZuGJ33E=
github.com/davecgh/go-spew v1.1.0/go.mod h1:J7Y8YcW2NihsgmVo/mv3lAwl/skON4iLHjSsI+c5H38=
github.com/davecgh/go-spew v1.1.1 h1:vj9j/u1bqnvCEfJOwUhtlOARqs3+rkHYY13jYWTU97c=
github.com/davecgh/go-spew v1.1.1/go.mod h1:J7Y8YcW2NihsgmVo/mv3lAwl/skON4iLHjSsI+c5H38=
github.com/dgrijalva/jwt-go/v4 v4.0.0-preview1 h1:CaO/zOnF8VvUfEbhRatPcwKVWamvbYd8tQGRWacE9kU=
github.com/dgrijalva/jwt-go/v4 v4.0.0-preview1/go.mod h1:+hnT3ywWDTAFrW5aE+u2Sa/wT555ZqwoCS+pk3p6ry4=
github.com/fxamacker/cbor/v2 v2.7.0 h1:iM5WgngdRBanHcxugY4JySA0nk1wZorNOpTgCMedv5E=
github.com/fxamacker/cbor/v2 v2.7.0/go.mod h1:pxXPTn3joSm21Gbwsv0w9OSA2y1HFR9qXEeXQVeNoDQ=
github.com/ghodss/yaml v1.0.0 h1:wQHKEahhL6wmXdzwWG11gIVCkOv05bNOh+Rxn0yngAk=
github.com/ghodss/yaml v1.0.0/go.mod h1:4dBDuWmgqj2HViK6kFavaiC9ZROes6MMH2rRYeMEF04=
github.com/go-logr/logr v1.4.1 h1:pKouT5E8xu9zeFC39JXRDukb6JFQPXM5p5I91188VAQ=
github.com/go-logr/logr v1.4.1/go.mod h1:9T104GzyrTigFIr8wt5mBrctHMim0Nb2HLGrmQ40KvY=
github.com/go-logr/logr v1.4.2 h1:6pFjapn8bFcIbiKo3XT4j/BhANplGihG6tvd+8rYgrY=
github.com/go-logr/logr v1.4.2/go.mod h1:9T104GzyrTigFIr8wt5mBrctHMim0Nb2HLGrmQ40KvY=
github.com/gogo/protobuf v1.3.2 h1:Ov1cvc58UF3b5XjBnZv7+opcTcQFZebYjWzi34vdm4Q=
github.com/gogo/protobuf v1.3.2/go.mod h1:P1XiOD3dCwIKUDQYPy72D8LYyHL2YPYrpS2s69NZV8Q=
github.com/gomodule/redigo v1.9.2 h1:HrutZBLhSIU8abiSfW8pj8mPhOyMYjZT/wcA4/L9L9s=
github.com/gomodule/redigo v1.9.2/go.mod h1:KsU3hiK/Ay8U42qpaJk+kuNa3C+spxapWpM+ywhcgtw=
github.com/google/btree v1.1.2 h1:xf4v41cLI2Z6FxbKm+8Bu+m8ifhj15JuZ9sa0jZCMUU=
github.com/google/btree v1.1.2/go.mod h1:qOPhT0dTNdNzV6Z/lhRX0YXUafgPLFUh+gZMl761Gm4=
github.com/google/go-cmp v0.5.9/go.mod h1:17dUlkBOakJ0+DkrSSNjCkIjxS6bF9zb3elmeNGIjoY=
github.com/google/go-cmp v0.6.0 h1:ofyhxvXcZhMsU5ulbFiLKl/XBFqE1GSq7atu8tAmTRI=
github.com/google/go-cmp v0.6.0/go.mod h1:17dUlkBOakJ0+DkrSSNjCkIjxS6bF9zb3elmeNGIjoY=
github.com/google/gofuzz v1.0.0/go.mod h1:dBl0BpW6vV/+mYPU4Po3pmUjxk6FQPldtuIdl/M65Eg=
github.com/google/gofuzz v1.2.1-0.20210504230335-f78f29fc09ea h1:VcIYpAGBae3Z6BVncE0OnTE/ZjlDXqtYhOZky88neLM=
github.com/google/gofuzz v1.2.1-0.20210504230335-f78f29fc09ea/go.mod h1:dBl0BpW6vV/+mYPU4Po3pmUjxk6FQPldtuIdl/M65Eg=
github.com/hmarr/codeowners v1.1.2 h1:CdmLJ0e2s2aaH21+3HW1HXJyJqz+OCEiMBfD9iZb3n8=
github.com/hmarr/codeowners v1.1.2/go.mod h1:+ez+YARvfVhzL1MzY0f2+D/VusjODs4iRj3tO/IxBMw=
github.com/hmarr/codeowners v1.2.1 h1:+9yndrwG0UVP1GkLBEQMSbSUNeLpbrbL924SRthA/9k=
github.com/hmarr/codeowners v1.2.1/go.mod h1:KPlR1p/B4owPjwfNIBueWlOP4CmqlQFX9b6nANG6j40=
github.com/json-iterator/go v1.1.12 h1:PV8peI4a0ysnczrg+LtxykD8LfKY9ML6u2jnxaEnrnM=
github.com/json-iterator/go v1.1.12/go.mod h1:e30LSqwooZae/UwlEbR2852Gd8hjQvJoHmT4TnhNGBo=
github.com/kisielk/errcheck v1.5.0/go.mod h1:pFxgyoBC7bSaBwPgfKdkLd5X25qrDl4LWUI2bnpBCr8=
github.com/kisielk/gotool v1.0.0/go.mod h1:XhKaO+MFFWcvkIS/tQcRk01m1F5IRFswLeQ+oQHNcck=
github.com/kr/pretty v0.3.1 h1:flRD4NNwYAUpkphVc1HcthR4KEIFJ65n8Mw5qdRn3LE=
github.com/kr/pretty v0.3.1/go.mod h1:hoEshYVHaxMs3cyo3Yncou5ZscifuDolrwPKZanG3xk=
github.com/kr/text v0.2.0 h1:5Nx0Ya0ZqY2ygV366QzturHI13Jq95ApcVaJBhpS+AY=
github.com/kr/text v0.2.0/go.mod h1:eLer722TekiGuMkidMxC/pM04lWEeraHUUmBw8l2grE=
github.com/modern-go/concurrent v0.0.0-20180228061459-e0a39a4cb421/go.mod h1:6dJC0mAP4ikYIbvyc7fijjWJddQyLn8Ig3JB5CqoB9Q=
github.com/modern-go/concurrent v0.0.0-20180306012644-bacd9c7ef1dd h1:TRLaZ9cD/w8PVh93nsPXa1VrQ6jlwL5oN8l14QlcNfg=
github.com/modern-go/concurrent v0.0.0-20180306012644-bacd9c7ef1dd/go.mod h1:6dJC0mAP4ikYIbvyc7fijjWJddQyLn8Ig3JB5CqoB9Q=
github.com/modern-go/reflect2 v1.0.2 h1:xBagoLtFs94CBntxluKeaWgTMpvLxC4ur3nMaC9Gz0M=
github.com/modern-go/reflect2 v1.0.2/go.mod h1:yWuevngMOJpCy52FWWMvUC8ws7m/LJsjYzDa0/r8luk=
github.com/peterbourgon/diskv v2.0.1+incompatible h1:UBdAOUP5p4RWqPBg048CAvpKN+vxiaj6gdUUzhl4XmI=
github.com/peterbourgon/diskv v2.0.1+incompatible/go.mod h1:uqqh8zWWbv1HBMNONnaR/tNboyR3/BZd58JJSHlUSCU=
github.com/pmezard/go-difflib v1.0.0 h1:4DBwDE0NGyQoBHbLQYPwSUPoCMWR5BEzIk/f1lZbAQM=
github.com/pmezard/go-difflib v1.0.0/go.mod h1:iKH77koFhYxTK1pcRnkKkqfTogsbg7gZNVY4sRDYZ/4=
github.com/prometheus/client_golang v1.19.0 h1:ygXvpU1AoN1MhdzckN+PyD9QJOSD4x7kmXYlnfbA6JU=
github.com/prometheus/client_golang v1.19.0/go.mod h1:ZRM9uEAypZakd+q/x7+gmsvXdURP+DABIEIjnmDdp+k=
github.com/prometheus/client_model v0.6.1 h1:ZKSh/rekM+n3CeS952MLRAdFwIKqeY8b62p8ais2e9E=
github.com/prometheus/client_model v0.6.1/go.mod h1:OrxVMOVHjw3lKMa8+x6HeMGkHMQyHDk9E3jmP2AmGiY=
github.com/prometheus/common v0.53.0 h1:U2pL9w9nmJwJDa4qqLQ3ZaePJ6ZTwt7cMD3AG3+aLCE=
github.com/prometheus/common v0.53.0/go.mod h1:BrxBKv3FWBIGXw89Mg1AeBq7FSyRzXWI3l3e7W3RN5U=
github.com/prometheus/common v0.54.0 h1:ZlZy0BgJhTwVZUn7dLOkwCZHUkrAqd3WYtcFCWnM1D8=
github.com/prometheus/common v0.54.0/go.mod h1:/TQgMJP5CuVYveyT7n/0Ix8yLNNXy9yRSkhnLTHPDIQ=
github.com/prometheus/procfs v0.13.0 h1:GqzLlQyfsPbaEHaQkO7tbDlriv/4o5Hudv6OXHGKX7o=
github.com/prometheus/procfs v0.13.0/go.mod h1:cd4PFCR54QLnGKPaKGA6l+cfuNXtht43ZKY6tow0Y1g=
github.com/rogpeppe/go-internal v1.10.0 h1:TMyTOH3F/DB16zRVcYyreMH6GnZZrwQVAoYjRBZyWFQ=
github.com/rogpeppe/go-internal v1.10.0/go.mod h1:UQnix2H7Ngw/k4C5ijL5+65zddjncjaFoBhdsK/akog=
github.com/shurcooL/githubv4 v0.0.0-20240120211514-18a1ae0e79dc h1:vH0NQbIDk+mJLvBliNGfcQgUmhlniWBDXC79oRxfZA0=
github.com/shurcooL/githubv4 v0.0.0-20240120211514-18a1ae0e79dc/go.mod h1:zqMwyHmnN/eDOZOdiTohqIUKUrTFX62PNlu7IJdu0q8=
github.com/shurcooL/graphql v0.0.0-20230722043721-ed46e5a46466 h1:17JxqqJY66GmZVHkmAsGEkcIu0oCe3AM420QDgGwZx0=
github.com/shurcooL/graphql v0.0.0-20230722043721-ed46e5a46466/go.mod h1:9dIRpgIY7hVhoqfe0/FcYp0bpInZaT7dc3BYOprrIUE=
github.com/sirupsen/logrus v1.9.3 h1:dueUQJ1C2q9oE3F7wvmSGAaVtTmUizReu6fjN8uqzbQ=
github.com/sirupsen/logrus v1.9.3/go.mod h1:naHLuLoDiP4jHNo9R0sCBMtWGeIprob74mVsIT4qYEQ=
github.com/spf13/pflag v1.0.5 h1:iy+VFUOCP1a+8yFto/drg2CJ5u0yRoB7fZw3DKv/JXA=
github.com/spf13/pflag v1.0.5/go.mod h1:McXfInJRrz4CZXVZOBLb0bTZqETkiAhM9Iw0y3An2Bg=
github.com/stretchr/objx v0.1.0/go.mod h1:HFkY916IF+rwdDfMAkV7OtwuqBVzrE8GR6GFx+wExME=
github.com/stretchr/objx v0.4.0/go.mod h1:YvHI0jy2hoMjB+UWwv71VJQ9isScKT/TqJzVSSt89Yw=
github.com/stretchr/testify v1.3.0/go.mod h1:M5WIy9Dh21IEIfnGCwXGc5bZfKNJtfHm1UVUgZn+9EI=
github.com/stretchr/testify v1.7.0/go.mod h1:6Fq8oRcR53rry900zMqJjRRixrwX3KX962/h/Wwjteg=
github.com/stretchr/testify v1.7.1/go.mod h1:6Fq8oRcR53rry900zMqJjRRixrwX3KX962/h/Wwjteg=
github.com/stretchr/testify v1.8.0/go.mod h1:yNjHg4UonilssWZ8iaSj1OCr/vHnekPRkoO+kdMU+MU=
github.com/stretchr/testify v1.8.4 h1:CcVxjf3Q8PM0mHUKJCdn+eZZtm5yQwehR5yeSVQQcUk=
github.com/stretchr/testify v1.8.4/go.mod h1:sz/lmYIOXD/1dqDmKjjqLyZ2RngseejIcXlSw2iwfAo=
github.com/x448/float16 v0.8.4 h1:qLwI1I70+NjRFUR3zs1JPUCgaCXSh3SW62uAKT1mSBM=
github.com/x448/float16 v0.8.4/go.mod h1:14CWIYCyZA/cWjXOioeEpHeN/83MdbZDRQHoFcYsOfg=
github.com/yuin/goldmark v1.1.27/go.mod h1:3hX8gzYuyVAZsxl0MRgGTJEmQBFcNTphYh9decYSb74=
github.com/yuin/goldmark v1.2.1/go.mod h1:3hX8gzYuyVAZsxl0MRgGTJEmQBFcNTphYh9decYSb74=
golang.org/x/crypto v0.0.0-20190308221718-c2843e01d9a2/go.mod h1:djNgcEr1/C05ACkg1iLfiJU5Ep61QUkGW8qpdssI0+w=
golang.org/x/crypto v0.0.0-20191011191535-87dc89f01550/go.mod h1:yigFU9vqHzYiE8UmvKecakEJjdnWj3jj499lnFckfCI=
golang.org/x/crypto v0.0.0-20200622213623-75b288015ac9/go.mod h1:LzIPMQfyMNhhGPhUkYOs5KpL4U8rLKemX1yGLhDgUto=
golang.org/x/mod v0.2.0/go.mod h1:s0Qsj1ACt9ePp/hMypM3fl4fZqREWJwdYDEqhRiZZUA=
golang.org/x/mod v0.3.0/go.mod h1:s0Qsj1ACt9ePp/hMypM3fl4fZqREWJwdYDEqhRiZZUA=
golang.org/x/net v0.0.0-20190404232315-eb5bcb51f2a3/go.mod h1:t9HGtf8HONx5eT2rtn7q6eTqICYqUVnKs3thJo3Qplg=
golang.org/x/net v0.0.0-20190620200207-3b0461eec859/go.mod h1:z5CRVTTTmAJ677TzLLGU+0bjPO0LkuOLi4/5GtJWs/s=
golang.org/x/net v0.0.0-20200226121028-0de0cce0169b/go.mod h1:z5CRVTTTmAJ677TzLLGU+0bjPO0LkuOLi4/5GtJWs/s=
golang.org/x/net v0.0.0-20201021035429-f5854403a974/go.mod h1:sp8m0HH+o8qH0wwXwYZr8TS3Oi6o0r6Gce1SSxlDquU=
golang.org/x/net v0.24.0 h1:1PcaxkF854Fu3+lvBIx5SYn9wRlBzzcnHZSiaFFAb0w=
golang.org/x/net v0.24.0/go.mod h1:2Q7sJY5mzlzWjKtYUEXSlBWCdyaioyXzRB2RtU8KVE8=
golang.org/x/net v0.26.0 h1:soB7SVo0PWrY4vPW/+ay0jKDNScG2X9wFeYlXIvJsOQ=
golang.org/x/net v0.26.0/go.mod h1:5YKkiSynbBIh3p6iOc/vibscux0x38BZDkn8sCUPxHE=
golang.org/x/net v0.28.0 h1:a9JDOJc5GMUJ0+UDqmLT86WiEy7iWyIhz8gz8E4e5hE=
golang.org/x/net v0.28.0/go.mod h1:yqtgsTWOOnlGLG9GFRrK3++bGOUEkNBoHZc8MEDWPNg=
golang.org/x/net v0.30.0 h1:AcW1SDZMkb8IpzCdQUaIq2sP4sZ4zw+55h6ynffypl4=
golang.org/x/net v0.30.0/go.mod h1:2wGyMJ5iFasEhkwi13ChkO/t1ECNC4X4eBKkVFyYFlU=
golang.org/x/oauth2 v0.19.0 h1:9+E/EZBCbTLNrbN35fHv/a/d/mOBatymz1zbtQrXpIg=
golang.org/x/oauth2 v0.19.0/go.mod h1:vYi7skDa1x015PmRRYZ7+s1cWyPgrPiSYRe4rnsexc8=
golang.org/x/oauth2 v0.20.0 h1:4mQdhULixXKP1rwYBW0vAijoXnkTG0BLCDRzfe1idMo=
golang.org/x/oauth2 v0.20.0/go.mod h1:XYTD2NtWslqkgxebSiOHnXEap4TF09sJSc7H1sXbhtI=
golang.org/x/oauth2 v0.22.0 h1:BzDx2FehcG7jJwgWLELCdmLuxk2i+x9UDpSiss2u0ZA=
golang.org/x/oauth2 v0.22.0/go.mod h1:XYTD2NtWslqkgxebSiOHnXEap4TF09sJSc7H1sXbhtI=
golang.org/x/sync v0.0.0-20190423024810-112230192c58/go.mod h1:RxMgew5VJxzue5/jJTE5uejpjVlOe/izrB70Jof72aM=
golang.org/x/sync v0.0.0-20190911185100-cd5d95a43a6e/go.mod h1:RxMgew5VJxzue5/jJTE5uejpjVlOe/izrB70Jof72aM=
golang.org/x/sync v0.0.0-20201020160332-67f06af15bc9/go.mod h1:RxMgew5VJxzue5/jJTE5uejpjVlOe/izrB70Jof72aM=
golang.org/x/sync v0.7.0 h1:YsImfSBoP9QPYL0xyKJPq0gcaJdG3rInoqxTWbfQu9M=
golang.org/x/sync v0.7.0/go.mod h1:Czt+wKu1gCyEFDUtn0jG5QVvpJ6rzVqr5aXyt9drQfk=
golang.org/x/sync v0.8.0 h1:3NFvSEYkUoMifnESzZl15y791HH1qU2xm6eCJU5ZPXQ=
golang.org/x/sync v0.8.0/go.mod h1:Czt+wKu1gCyEFDUtn0jG5QVvpJ6rzVqr5aXyt9drQfk=
golang.org/x/sys v0.0.0-20190215142949-d0b11bdaac8a/go.mod h1:STP8DvDyc/dI5b8T5hshtkjS+E42TnysNCUPdjciGhY=
golang.org/x/sys v0.0.0-20190412213103-97732733099d/go.mod h1:h1NjWce9XRLGQEsW7wpKNCjG9DtNlClVuFLEZdDNbEs=
golang.org/x/sys v0.0.0-20200930185726-fdedc70b468f/go.mod h1:h1NjWce9XRLGQEsW7wpKNCjG9DtNlClVuFLEZdDNbEs=
golang.org/x/sys v0.0.0-20220715151400-c0bba94af5f8/go.mod h1:oPkhp1MJrh7nUepCBck5+mAzfO9JrbApNNgaTdGDITg=
golang.org/x/sys v0.19.0 h1:q5f1RH2jigJ1MoAWp2KTp3gm5zAGFUTarQZ5U386+4o=
golang.org/x/sys v0.19.0/go.mod h1:/VUhepiaJMQUp4+oa/7Zr1D23ma6VTLIYjOOTFZPUcA=
golang.org/x/sys v0.21.0 h1:rF+pYz3DAGSQAxAu1CbC7catZg4ebC4UIeIhKxBZvws=
golang.org/x/sys v0.21.0/go.mod h1:/VUhepiaJMQUp4+oa/7Zr1D23ma6VTLIYjOOTFZPUcA=
golang.org/x/sys v0.24.0 h1:Twjiwq9dn6R1fQcyiK+wQyHWfaz/BJB+YIpzU/Cv3Xg=
golang.org/x/sys v0.24.0/go.mod h1:/VUhepiaJMQUp4+oa/7Zr1D23ma6VTLIYjOOTFZPUcA=
golang.org/x/sys v0.26.0 h1:KHjCJyddX0LoSTb3J+vWpupP9p0oznkqVk/IfjymZbo=
golang.org/x/sys v0.26.0/go.mod h1:/VUhepiaJMQUp4+oa/7Zr1D23ma6VTLIYjOOTFZPUcA=
golang.org/x/text v0.3.0/go.mod h1:NqM8EUOU14njkJ3fqMW+pc6Ldnwhi/IjpwHt7yyuwOQ=
golang.org/x/text v0.3.3/go.mod h1:5Zoc/QRtKVWzQhOtBMvqHzDpF6irO9z98xDceosuGiQ=
golang.org/x/text v0.14.0 h1:ScX5w1eTa3QqT8oi6+ziP7dTV1S2+ALU0bI+0zXKWiQ=
golang.org/x/text v0.14.0/go.mod h1:18ZOQIKpY8NJVqYksKHtTdi31H5itFRjB5/qKTNYzSU=
golang.org/x/text v0.16.0 h1:a94ExnEXNtEwYLGJSIUxnWoxoRz/ZcCsV63ROupILh4=
golang.org/x/text v0.16.0/go.mod h1:GhwF1Be+LQoKShO3cGOHzqOgRrGaYc9AvblQOmPVHnI=
golang.org/x/text v0.17.0 h1:XtiM5bkSOt+ewxlOE/aE/AKEHibwj/6gvWMl9Rsh0Qc=
golang.org/x/text v0.17.0/go.mod h1:BuEKDfySbSR4drPmRPG/7iBdf8hvFMuRexcpahXilzY=
golang.org/x/text v0.19.0 h1:kTxAhCbGbxhK0IwgSKiMO5awPoDQ0RpfiVYBfK860YM=
golang.org/x/text v0.19.0/go.mod h1:BuEKDfySbSR4drPmRPG/7iBdf8hvFMuRexcpahXilzY=
golang.org/x/tools v0.0.0-20180917221912-90fa682c2a6e/go.mod h1:n7NCudcB/nEzxVGmLbDWY5pfWTLqBcC2KZ6jyYvM4mQ=
golang.org/x/tools v0.0.0-20191119224855-298f0cb1881e/go.mod h1:b+2E5dAYhXwXZwtnZ6UAqBI28+e2cm9otk0dWdXHAEo=
golang.org/x/tools v0.0.0-20200619180055-7c47624df98f/go.mod h1:EkVYQZoAsY45+roYkvgYkIh4xh/qjgUK9TdY2XT94GE=
golang.org/x/tools v0.0.0-20210106214847-113979e3529a/go.mod h1:emZCQorbCU4vsT4fOWvOPXz4eW1wZW4PmDk9uLelYpA=
golang.org/x/xerrors v0.0.0-20190717185122-a985d3407aa7/go.mod h1:I/5z698sn9Ka8TeJc9MKroUUfqBBauWjQqLJ2OPfmY0=
golang.org/x/xerrors v0.0.0-20191011141410-1b5146add898/go.mod h1:I/5z698sn9Ka8TeJc9MKroUUfqBBauWjQqLJ2OPfmY0=
golang.org/x/xerrors v0.0.0-20191204190536-9bdfabe68543/go.mod h1:I/5z698sn9Ka8TeJc9MKroUUfqBBauWjQqLJ2OPfmY0=
golang.org/x/xerrors v0.0.0-20200804184101-5ec99f83aff1/go.mod h1:I/5z698sn9Ka8TeJc9MKroUUfqBBauWjQqLJ2OPfmY0=
golang.org/x/xerrors v0.0.0-20220907171357-04be3eba64a2 h1:H2TDz8ibqkAF6YGhCdN3jS9O0/s90v0rJh3X/OLHEUk=
golang.org/x/xerrors v0.0.0-20220907171357-04be3eba64a2/go.mod h1:K8+ghG5WaK9qNqU5K3HdILfMLy1f3aNYFI/wnl100a8=
google.golang.org/protobuf v1.33.0 h1:uNO2rsAINq/JlFpSdYEKIZ0uKD/R9cpdv0T+yoGwGmI=
google.golang.org/protobuf v1.33.0/go.mod h1:c6P6GXX6sHbq/GpV6MGZEdwhWPcYBgnhAHhKbcUYpos=
google.golang.org/protobuf v1.34.0 h1:Qo/qEd2RZPCf2nKuorzksSknv0d3ERwp1vFG38gSmH4=
google.golang.org/protobuf v1.34.0/go.mod h1:c6P6GXX6sHbq/GpV6MGZEdwhWPcYBgnhAHhKbcUYpos=
google.golang.org/protobuf v1.34.2 h1:6xV6lTsCfpGD21XK49h7MhtcApnLqkfYgPcdHftf6hg=
google.golang.org/protobuf v1.34.2/go.mod h1:qYOHts0dSfpeUzUFpOMr/WGzszTmLH+DiWniOlNbLDw=
google.golang.org/protobuf v1.35.1 h1:m3LfL6/Ca+fqnjnlqQXNpFPABW1UD7mjh8KO2mKFytA=
google.golang.org/protobuf v1.35.1/go.mod h1:9fA7Ob0pmnwhb644+1+CVWFRbNajQ6iRojtC/QF5bRE=
gopkg.in/check.v1 v0.0.0-20161208181325-20d25e280405/go.mod h1:Co6ibVJAznAaIkqp8huTwlJQCZ016jof/cbN4VW5Yz0=
gopkg.in/check.v1 v1.0.0-20201130134442-10cb98267c6c h1:Hei/4ADfdWqJk1ZMxUNpqntNwaWcugrBjAiHlqqRiVk=
gopkg.in/check.v1 v1.0.0-20201130134442-10cb98267c6c/go.mod h1:JHkPIbrfpd72SG/EVd6muEfDQjcINNoR0C8j2r3qZ4Q=
gopkg.in/inf.v0 v0.9.1 h1:73M5CoZyi3ZLMOyDlQh031Cx6N9NDJ2Vvfl76EDAgDc=
gopkg.in/inf.v0 v0.9.1/go.mod h1:cWUDdTG/fYaXco+Dcufb5Vnc6Gp2YChqWtbxRZE0mXw=
gopkg.in/yaml.v2 v2.2.8/go.mod h1:hI93XBmqTisBFMUTm0b8Fm+jr3Dg1NNxqwp+5A1VGuI=
gopkg.in/yaml.v2 v2.4.0 h1:D8xgwECY7CYvx+Y2n4sBz93Jn9JRvxdiyyo8CTfuKaY=
gopkg.in/yaml.v2 v2.4.0/go.mod h1:RDklbk79AGWmwhnvt/jBztapEOGDOx6ZbXqjP6csGnQ=
gopkg.in/yaml.v3 v3.0.0-20200313102051-9f266ea9e77c/go.mod h1:K4uyk7z7BCEPqu6E+C64Yfv1cQ7kz7rIZviUmN+EgEM=
gopkg.in/yaml.v3 v3.0.1 h1:fxVm/GzAzEWqLHuvctI91KS9hhNmmWOoWu0XTYJS7CA=
gopkg.in/yaml.v3 v3.0.1/go.mod h1:K4uyk7z7BCEPqu6E+C64Yfv1cQ7kz7rIZviUmN+EgEM=
k8s.io/apimachinery v0.30.0 h1:qxVPsyDM5XS96NIh9Oj6LavoVFYff/Pon9cZeDIkHHA=
k8s.io/apimachinery v0.30.0/go.mod h1:iexa2somDaxdnj7bha06bhb43Zpa6eWH8N8dbqVjTUc=
k8s.io/apimachinery v0.30.1 h1:ZQStsEfo4n65yAdlGTfP/uSHMQSoYzU/oeEbkmF7P2U=
k8s.io/apimachinery v0.30.1/go.mod h1:iexa2somDaxdnj7bha06bhb43Zpa6eWH8N8dbqVjTUc=
k8s.io/apimachinery v0.30.2 h1:fEMcnBj6qkzzPGSVsAZtQThU62SmQ4ZymlXRC5yFSCg=
k8s.io/apimachinery v0.30.2/go.mod h1:iexa2somDaxdnj7bha06bhb43Zpa6eWH8N8dbqVjTUc=
k8s.io/apimachinery v0.30.3 h1:q1laaWCmrszyQuSQCfNB8cFgCuDAoPszKY4ucAjDwHc=
k8s.io/apimachinery v0.30.3/go.mod h1:iexa2somDaxdnj7bha06bhb43Zpa6eWH8N8dbqVjTUc=
k8s.io/apimachinery v0.31.0 h1:m9jOiSr3FoSSL5WO9bjm1n6B9KROYYgNZOb4tyZ1lBc=
k8s.io/apimachinery v0.31.0/go.mod h1:rsPdaZJfTfLsNJSQzNHQvYoTmxhoOEofxtOsF3rtsMo=
k8s.io/apimachinery v0.31.1 h1:mhcUBbj7KUjaVhyXILglcVjuS4nYXiwC+KKFBgIVy7U=
k8s.io/apimachinery v0.31.1/go.mod h1:rsPdaZJfTfLsNJSQzNHQvYoTmxhoOEofxtOsF3rtsMo=
k8s.io/apimachinery v0.31.2 h1:i4vUt2hPK56W6mlT7Ry+AO8eEsyxMD1U44NR22CLTYw=
k8s.io/apimachinery v0.31.2/go.mod h1:rsPdaZJfTfLsNJSQzNHQvYoTmxhoOEofxtOsF3rtsMo=
k8s.io/apimachinery v0.31.3 h1:6l0WhcYgasZ/wk9ktLq5vLaoXJJr5ts6lkaQzgeYPq4=
k8s.io/apimachinery v0.31.3/go.mod h1:rsPdaZJfTfLsNJSQzNHQvYoTmxhoOEofxtOsF3rtsMo=
k8s.io/apimachinery v0.31.4 h1:8xjE2C4CzhYVm9DGf60yohpNUh5AEBnPxCryPBECmlM=
k8s.io/apimachinery v0.31.4/go.mod h1:rsPdaZJfTfLsNJSQzNHQvYoTmxhoOEofxtOsF3rtsMo=
k8s.io/apimachinery v0.32.0 h1:cFSE7N3rmEEtv4ei5X6DaJPHHX0C+upp+v5lVPiEwpg=
k8s.io/apimachinery v0.32.0/go.mod h1:GpHVgxoKlTxClKcteaeuF1Ul/lDVb74KpZcxcmLDElE=
k8s.io/apimachinery v0.32.1 h1:683ENpaCBjma4CYqsmZyhEzrGz6cjn1MY/X2jB2hkZs=
k8s.io/apimachinery v0.32.1/go.mod h1:GpHVgxoKlTxClKcteaeuF1Ul/lDVb74KpZcxcmLDElE=
k8s.io/klog/v2 v2.120.1 h1:QXU6cPEOIslTGvZaXvFWiP9VKyeet3sawzTOvdXb4Vw=
k8s.io/klog/v2 v2.120.1/go.mod h1:3Jpz1GvMt720eyJH1ckRHK1EDfpxISzJ7I9OYgaDtPE=
k8s.io/klog/v2 v2.130.1 h1:n9Xl7H1Xvksem4KFG4PYbdQCQxqc/tTUyrgXaOhHSzk=
k8s.io/klog/v2 v2.130.1/go.mod h1:3Jpz1GvMt720eyJH1ckRHK1EDfpxISzJ7I9OYgaDtPE=
k8s.io/utils v0.0.0-20240310230437-4693a0247e57 h1:gbqbevonBh57eILzModw6mrkbwM0gQBEuevE/AaBsHY=
k8s.io/utils v0.0.0-20240310230437-4693a0247e57/go.mod h1:OLgZIPagt7ERELqWJFomSt595RzquPNLL48iOWgYOg0=
k8s.io/utils v0.0.0-20240711033017-18e509b52bc8 h1:pUdcCO1Lk/tbT5ztQWOBi5HBgbBP1J8+AsQnQCKsi8A=
k8s.io/utils v0.0.0-20240711033017-18e509b52bc8/go.mod h1:OLgZIPagt7ERELqWJFomSt595RzquPNLL48iOWgYOg0=
k8s.io/utils v0.0.0-20241104100929-3ea5e8cea738 h1:M3sRQVHv7vB20Xc2ybTt7ODCeFj6JSWYFzOFnYeS6Ro=
k8s.io/utils v0.0.0-20241104100929-3ea5e8cea738/go.mod h1:OLgZIPagt7ERELqWJFomSt595RzquPNLL48iOWgYOg0=
sigs.k8s.io/json v0.0.0-20221116044647-bc3834ca7abd h1:EDPBXCAspyGV4jQlpZSudPeMmr1bNJefnuqLsRAsHZo=
sigs.k8s.io/json v0.0.0-20221116044647-bc3834ca7abd/go.mod h1:B8JuhiUyNFVKdsE8h686QcCxMaH6HrOAZj4vswFpcB0=
sigs.k8s.io/json v0.0.0-20241010143419-9aa6b5e7a4b3 h1:/Rv+M11QRah1itp8VhT6HoVx1Ray9eB4DBr+K+/sCJ8=
sigs.k8s.io/json v0.0.0-20241010143419-9aa6b5e7a4b3/go.mod h1:18nIHnGi6636UCz6m8i4DhaJ65T6EruyzmoQqI2BVDo=
sigs.k8s.io/prow v0.0.0-20240418142548-4c9d8ca1213d h1:HisPy9Z6hS7pbFAQ4G61Uh9lmOkThsnNFcCQ0JZbDw8=
sigs.k8s.io/prow v0.0.0-20240418142548-4c9d8ca1213d/go.mod h1:7rsZ1ej4cIWtv+w/+62mLOaGMONtsG663VD9eJ7UKL4=
sigs.k8s.io/prow v0.0.0-20240419142743-3cb2506c2ff3 h1:/FlK96xaEn237foELGS/ghuVP2dJWQrqgEgKwNs6nyE=
sigs.k8s.io/prow v0.0.0-20240419142743-3cb2506c2ff3/go.mod h1:1YquMB6duwbpb0jSMkRxjz8goepotJ4iqcbj4Ed7gCY=
sigs.k8s.io/prow v0.0.0-20240422153328-a25fe4dde139 h1:Z1tRZnpRtUCUkjpRgindL3YgwLWiemnpuycjP5Cretk=
sigs.k8s.io/prow v0.0.0-20240422153328-a25fe4dde139/go.mod h1:bikR7JOKUm6nvbhURQxY1HNrXir/99xaOQ+t1SKqrf8=
sigs.k8s.io/prow v0.0.0-20240423171349-3cbc4f531947 h1:v7NV+drUJ+21owrctJiygl2vUm6SimAvdWhO3jvBR68=
sigs.k8s.io/prow v0.0.0-20240423171349-3cbc4f531947/go.mod h1:bikR7JOKUm6nvbhURQxY1HNrXir/99xaOQ+t1SKqrf8=
sigs.k8s.io/prow v0.0.0-20240424151722-0a31882002b9 h1:ChRaWw3h3pWs5yAR93ukGDV1ffgH3XkjYMjv67925PU=
sigs.k8s.io/prow v0.0.0-20240424151722-0a31882002b9/go.mod h1:bikR7JOKUm6nvbhURQxY1HNrXir/99xaOQ+t1SKqrf8=
sigs.k8s.io/prow v0.0.0-20240430162647-4359601d003f h1:w2rDsFvu2bu0NAZa6gqt8vYwi6RHAr+it2RCekMPj8w=
sigs.k8s.io/prow v0.0.0-20240430162647-4359601d003f/go.mod h1:bikR7JOKUm6nvbhURQxY1HNrXir/99xaOQ+t1SKqrf8=
sigs.k8s.io/prow v0.0.0-20240503150205-28485f4e61b6 h1:ovXI6PmXye06nLPRFQxpkMYX0nxyglKxCj0lUYpjlyk=
sigs.k8s.io/prow v0.0.0-20240503150205-28485f4e61b6/go.mod h1:bikR7JOKUm6nvbhURQxY1HNrXir/99xaOQ+t1SKqrf8=
sigs.k8s.io/prow v0.0.0-20240503223140-c5e374dc7eb1 h1:lpEijy0NaJafv1MXAxkvHHSMxP7QWkPPB3eVmAhL92E=
sigs.k8s.io/prow v0.0.0-20240503223140-c5e374dc7eb1/go.mod h1:bikR7JOKUm6nvbhURQxY1HNrXir/99xaOQ+t1SKqrf8=
sigs.k8s.io/prow v0.0.0-20240509194303-1d4d0b1e7e1a h1:3/r1JGmfiSgXJDJPxy/ZG7V22bP0UcP9+3xqytU2HJc=
sigs.k8s.io/prow v0.0.0-20240509194303-1d4d0b1e7e1a/go.mod h1:/1dTk8PU8p4eaYlmTwT0D5vbYJO4nt97YCGBqA749kk=
sigs.k8s.io/prow v0.0.0-20240511205003-16c13cde5644 h1:fiCMuXKgsj7XCQXhC+yEjL9xPKO07Z/4WkuD2tuBhHk=
sigs.k8s.io/prow v0.0.0-20240511205003-16c13cde5644/go.mod h1:/1dTk8PU8p4eaYlmTwT0D5vbYJO4nt97YCGBqA749kk=
sigs.k8s.io/prow v0.0.0-20240513100449-f2b7a0198f26 h1:tJVMNj4Y7XxBNxhrlgHNuHmkFOfpoZSznr6DJD87zLs=
sigs.k8s.io/prow v0.0.0-20240513100449-f2b7a0198f26/go.mod h1:/1dTk8PU8p4eaYlmTwT0D5vbYJO4nt97YCGBqA749kk=
sigs.k8s.io/prow v0.0.0-20240515112433-dd5d0eeaa28f h1:cph3H1SOumeN0mfuLoBiRegTFbzD3cxIQwLzwZpViOg=
sigs.k8s.io/prow v0.0.0-20240515112433-dd5d0eeaa28f/go.mod h1:/1dTk8PU8p4eaYlmTwT0D5vbYJO4nt97YCGBqA749kk=
sigs.k8s.io/prow v0.0.0-20240517154251-ea10bd8144c3 h1:nb1h77AHk9Av/b8QfrI/G2sBbPiEce6cTMz+vjWIvZI=
sigs.k8s.io/prow v0.0.0-20240517154251-ea10bd8144c3/go.mod h1:/1dTk8PU8p4eaYlmTwT0D5vbYJO4nt97YCGBqA749kk=
sigs.k8s.io/prow v0.0.0-20240527172408-d543baace893 h1:o8LvTLDlaCGm4iR/4j6JWvh91QtNCIUzGkCUJSzr8ec=
sigs.k8s.io/prow v0.0.0-20240527172408-d543baace893/go.mod h1:/1dTk8PU8p4eaYlmTwT0D5vbYJO4nt97YCGBqA749kk=
sigs.k8s.io/prow v0.0.0-20240528053828-00793f193576 h1:ZPQn90t2Hr1iGbS/LCLWNTaaR08MTIhG6ccWJtLsVv8=
sigs.k8s.io/prow v0.0.0-20240528053828-00793f193576/go.mod h1:B6hUZArrw0kjY/Q4I5qBJd6lQoZP0nloG0ot1cTMhaA=
sigs.k8s.io/prow v0.0.0-20240529092225-b83934c65f07 h1:cbYcJGfpfuDW2LVs9GWNUJ7AqCEW+P68boyOJZ2R9Ts=
sigs.k8s.io/prow v0.0.0-20240529092225-b83934c65f07/go.mod h1:B6hUZArrw0kjY/Q4I5qBJd6lQoZP0nloG0ot1cTMhaA=
sigs.k8s.io/prow v0.0.0-20240529135745-2f0bd6e76812 h1:fesqkQNv8m3nVsIy44GAosMgo/T4ZkasYqCE72x72QE=
sigs.k8s.io/prow v0.0.0-20240529135745-2f0bd6e76812/go.mod h1:B6hUZArrw0kjY/Q4I5qBJd6lQoZP0nloG0ot1cTMhaA=
sigs.k8s.io/prow v0.0.0-20240530054025-7b7a89ab7dd5 h1:9Cih/0yFcaqDYtFZy8oaWa/7o1cRuCwtYAT/pKRizuw=
sigs.k8s.io/prow v0.0.0-20240530054025-7b7a89ab7dd5/go.mod h1:B6hUZArrw0kjY/Q4I5qBJd6lQoZP0nloG0ot1cTMhaA=
sigs.k8s.io/prow v0.0.0-20240531131213-8e43f4d085e1 h1:WcXG9CAmWVEG4hYJSeYkg4LpiH3a5zrJUJiWVG3l9vE=
sigs.k8s.io/prow v0.0.0-20240531131213-8e43f4d085e1/go.mod h1:B6hUZArrw0kjY/Q4I5qBJd6lQoZP0nloG0ot1cTMhaA=
sigs.k8s.io/prow v0.0.0-20240611100523-924d31f0c454 h1:yoFwrNmaApuT3bhrXpvFqlNGGn1k1fhCgPfsgwpe7Mo=
sigs.k8s.io/prow v0.0.0-20240611100523-924d31f0c454/go.mod h1:B6hUZArrw0kjY/Q4I5qBJd6lQoZP0nloG0ot1cTMhaA=
sigs.k8s.io/prow v0.0.0-20240614124933-e4ae242d1971 h1:tN4JELbn6Ut9AfaqFycvMCWAgw6LayEAon6RXbhbAjk=
sigs.k8s.io/prow v0.0.0-20240614124933-e4ae242d1971/go.mod h1:B6hUZArrw0kjY/Q4I5qBJd6lQoZP0nloG0ot1cTMhaA=
sigs.k8s.io/prow v0.0.0-20240619181241-cfb8754e0459 h1:t8nFAgqf4A53NMuaML7xbBkaKcQtN3aqPPHDsVLfWWs=
sigs.k8s.io/prow v0.0.0-20240619181241-cfb8754e0459/go.mod h1:B6hUZArrw0kjY/Q4I5qBJd6lQoZP0nloG0ot1cTMhaA=
sigs.k8s.io/prow v0.0.0-20240624151128-6accc2e1687b h1:iOiIoSfvNVo4OxgtQe97FgPafVViI0xuwEDUd0d6LV8=
sigs.k8s.io/prow v0.0.0-20240624151128-6accc2e1687b/go.mod h1:B6hUZArrw0kjY/Q4I5qBJd6lQoZP0nloG0ot1cTMhaA=
sigs.k8s.io/prow v0.0.0-20240625164919-266ce07dac35 h1:Mekk9wfo3FhU2s6RMWnQkuaQulb4Rb0gwo0vUZ96LVw=
sigs.k8s.io/prow v0.0.0-20240625164919-266ce07dac35/go.mod h1:B6hUZArrw0kjY/Q4I5qBJd6lQoZP0nloG0ot1cTMhaA=
sigs.k8s.io/prow v0.0.0-20240627110421-79d27b6e3be3 h1:jP3gM3kYXe8K6Yxu3YYVK6lRapQgWDjqU0N/wlNgIoM=
sigs.k8s.io/prow v0.0.0-20240627110421-79d27b6e3be3/go.mod h1:ET3UlJAy73TpAdmnvfFZAHfWxqB1rVIFkAgSwMHzMic=
sigs.k8s.io/prow v0.0.0-20240709172814-d43b36cf61ae h1:oPUBlv8AxR7DE3jT6MQD/yCefJ7imV5O/wiUH/Ptb6A=
sigs.k8s.io/prow v0.0.0-20240709172814-d43b36cf61ae/go.mod h1:ET3UlJAy73TpAdmnvfFZAHfWxqB1rVIFkAgSwMHzMic=
sigs.k8s.io/prow v0.0.0-20240711114257-e49eac6829a9 h1:smr/nu6PnSIk+Ti6bi/FO4R8Gbo2Yj2AoQNpbOOHkYg=
sigs.k8s.io/prow v0.0.0-20240711114257-e49eac6829a9/go.mod h1:ET3UlJAy73TpAdmnvfFZAHfWxqB1rVIFkAgSwMHzMic=
sigs.k8s.io/prow v0.0.0-20240723084823-dbbd2d86b488 h1:ZeL367ZgG9AFKLw823u1gkDZgMzAK18nVn9IuZ3mnuQ=
sigs.k8s.io/prow v0.0.0-20240723084823-dbbd2d86b488/go.mod h1:ET3UlJAy73TpAdmnvfFZAHfWxqB1rVIFkAgSwMHzMic=
sigs.k8s.io/prow v0.0.0-20240727062344-0ce76b65a047 h1:GkLXdmIf9RPc21X7VtIukWQEdoUR0HXkad74YV7cHUI=
sigs.k8s.io/prow v0.0.0-20240727062344-0ce76b65a047/go.mod h1:ET3UlJAy73TpAdmnvfFZAHfWxqB1rVIFkAgSwMHzMic=
sigs.k8s.io/prow v0.0.0-20240730102756-12bb925b4d03 h1:AGFJTiu+uCM1bYi/rSSFDXcFan7rY/uS9ovIqEL3Dik=
sigs.k8s.io/prow v0.0.0-20240730102756-12bb925b4d03/go.mod h1:ET3UlJAy73TpAdmnvfFZAHfWxqB1rVIFkAgSwMHzMic=
sigs.k8s.io/prow v0.0.0-20240802205556-66b115076f03 h1:PSk9Ut4pvYWdNMFZig9GpfqwcfK2Z/Qfzbv2R+MsdAc=
sigs.k8s.io/prow v0.0.0-20240802205556-66b115076f03/go.mod h1:ET3UlJAy73TpAdmnvfFZAHfWxqB1rVIFkAgSwMHzMic=
sigs.k8s.io/prow v0.0.0-20240805120859-37a08f946c8f h1:nsnqpyrxCLV01WP1RCka8uMKo7J7xY2oh2MFjM8PkyM=
sigs.k8s.io/prow v0.0.0-20240805120859-37a08f946c8f/go.mod h1:ET3UlJAy73TpAdmnvfFZAHfWxqB1rVIFkAgSwMHzMic=
sigs.k8s.io/prow v0.0.0-20240807231502-7dfecf4ee90f h1:FCk/DLCHqye9FOARmBi7eCd+JCHaWbkCRv2CsFoONOU=
sigs.k8s.io/prow v0.0.0-20240807231502-7dfecf4ee90f/go.mod h1:ET3UlJAy73TpAdmnvfFZAHfWxqB1rVIFkAgSwMHzMic=
sigs.k8s.io/prow v0.0.0-20240812185116-18a40eedd8be h1:A9WCDnj6pKF5caN0GNTMJpUxXeB6aE4GAs1NVPZvdN0=
sigs.k8s.io/prow v0.0.0-20240812185116-18a40eedd8be/go.mod h1:ET3UlJAy73TpAdmnvfFZAHfWxqB1rVIFkAgSwMHzMic=
sigs.k8s.io/prow v0.0.0-20240814155518-fbcfb00bc0c9 h1:2vIjNQVPEZpzEzPPj6RwBzkAftfszOAqRQCRrYn4haM=
sigs.k8s.io/prow v0.0.0-20240814155518-fbcfb00bc0c9/go.mod h1:ET3UlJAy73TpAdmnvfFZAHfWxqB1rVIFkAgSwMHzMic=
sigs.k8s.io/prow v0.0.0-20240816165240-2b7da0bc5a15 h1:n3ZWP/Ba0h83Y4C8QcEQgFUwneoCZ60eiv3ejbbGZrY=
sigs.k8s.io/prow v0.0.0-20240816165240-2b7da0bc5a15/go.mod h1:ET3UlJAy73TpAdmnvfFZAHfWxqB1rVIFkAgSwMHzMic=
sigs.k8s.io/prow v0.0.0-20240820051126-6925e9af79a4 h1:MMlgVhZwoz3I+k0eS1cG0NbIyr4wgANfxtIkULPqBm0=
sigs.k8s.io/prow v0.0.0-20240820051126-6925e9af79a4/go.mod h1:ET3UlJAy73TpAdmnvfFZAHfWxqB1rVIFkAgSwMHzMic=
sigs.k8s.io/prow v0.0.0-20240827110656-195f38540f39 h1:F20oo6AoN4dwFzZF+BK51imC0m8wIh36aV3EbAPE7Pg=
sigs.k8s.io/prow v0.0.0-20240827110656-195f38540f39/go.mod h1:ET3UlJAy73TpAdmnvfFZAHfWxqB1rVIFkAgSwMHzMic=
sigs.k8s.io/prow v0.0.0-20240902170516-b4c04a9b693b h1:h+PhyiB4g862CwnxQybycZcR1tjFC1FCip5yEYWJN8w=
sigs.k8s.io/prow v0.0.0-20240902170516-b4c04a9b693b/go.mod h1:nIN9CIT6eaqbXEKlOLJkADdFVk+wXKxP8Q6kf8VUM8E=
sigs.k8s.io/prow v0.0.0-20240906143543-7c1e4e90b512 h1:Kr8Vt6/ptFamiHmEuKSie39a2l3xAnXsMimrPPLi2bs=
sigs.k8s.io/prow v0.0.0-20240906143543-7c1e4e90b512/go.mod h1:nIN9CIT6eaqbXEKlOLJkADdFVk+wXKxP8Q6kf8VUM8E=
sigs.k8s.io/prow v0.0.0-20240910125013-1e9790f40f9f h1:tuJNiv3V2Tte+pwwmQJZ3owoFBgh7gHujC9XFouJ7P4=
sigs.k8s.io/prow v0.0.0-20240910125013-1e9790f40f9f/go.mod h1:nIN9CIT6eaqbXEKlOLJkADdFVk+wXKxP8Q6kf8VUM8E=
sigs.k8s.io/prow v0.0.0-20240911125512-5886b04521da h1:ygeq1dmOV5FwRwp8Qo3xbYzCefZHuWeSdkfBJLEdJ4k=
sigs.k8s.io/prow v0.0.0-20240911125512-5886b04521da/go.mod h1:nIN9CIT6eaqbXEKlOLJkADdFVk+wXKxP8Q6kf8VUM8E=
sigs.k8s.io/prow v0.0.0-20240913010512-6ce4fd9da6da h1:2zAUYOPJKdBUS6xJTlDKwQz7ATRLY02fIqCVfLCLIKU=
sigs.k8s.io/prow v0.0.0-20240913010512-6ce4fd9da6da/go.mod h1:nIN9CIT6eaqbXEKlOLJkADdFVk+wXKxP8Q6kf8VUM8E=
sigs.k8s.io/prow v0.0.0-20240917000114-d2764d502ce3 h1:a3B6KSZl3a1Yo6qj2zSShWVhCSCm3+wPAevTUyA8JoU=
sigs.k8s.io/prow v0.0.0-20240917000114-d2764d502ce3/go.mod h1:nIN9CIT6eaqbXEKlOLJkADdFVk+wXKxP8Q6kf8VUM8E=
sigs.k8s.io/prow v0.0.0-20240917051714-0ac691ea5cae h1:8QQ68f5AG5fA7/2EWDBF8ieuiJsmXACfHuet0C0oZdA=
sigs.k8s.io/prow v0.0.0-20240917051714-0ac691ea5cae/go.mod h1:nIN9CIT6eaqbXEKlOLJkADdFVk+wXKxP8Q6kf8VUM8E=
sigs.k8s.io/prow v0.0.0-20240923151759-efb534162d79 h1:J9Kzv6IB4jkqywuSYfibotyL8dq90CRnbKluhSA5HgI=
sigs.k8s.io/prow v0.0.0-20240923151759-efb534162d79/go.mod h1:nIN9CIT6eaqbXEKlOLJkADdFVk+wXKxP8Q6kf8VUM8E=
sigs.k8s.io/prow v0.0.0-20240925223329-cd0465d2bee0 h1:ShPFRsEqExEKUvN9jcAhVYUUcTZA09dUDDofbNBm4FM=
sigs.k8s.io/prow v0.0.0-20240925223329-cd0465d2bee0/go.mod h1:nIN9CIT6eaqbXEKlOLJkADdFVk+wXKxP8Q6kf8VUM8E=
sigs.k8s.io/prow v0.0.0-20240930124603-8302b5c30e63 h1:Tm2rEP9gudManSy1z2IM9EgaB4dSEhwHwaVxEJ2V2iA=
sigs.k8s.io/prow v0.0.0-20240930124603-8302b5c30e63/go.mod h1:nIN9CIT6eaqbXEKlOLJkADdFVk+wXKxP8Q6kf8VUM8E=
sigs.k8s.io/prow v0.0.0-20241002125549-a7163a53c606 h1:CkaEdYJ9Yu9v6rPhT8jclSFZ2J36GMXu0j/E7JyiNpo=
sigs.k8s.io/prow v0.0.0-20241002125549-a7163a53c606/go.mod h1:nIN9CIT6eaqbXEKlOLJkADdFVk+wXKxP8Q6kf8VUM8E=
sigs.k8s.io/prow v0.0.0-20241002215026-8442fff47c20 h1:T1Ss26g14wIvbZMWTYNcUWStH2Gx0+xjBfeom2uhpHQ=
sigs.k8s.io/prow v0.0.0-20241002215026-8442fff47c20/go.mod h1:nIN9CIT6eaqbXEKlOLJkADdFVk+wXKxP8Q6kf8VUM8E=
sigs.k8s.io/prow v0.0.0-20241008143622-24e765300acd h1:SiNo3L5de8xydni9PpwtwrRVcpOHX+vQxGvtZQ0LzU4=
sigs.k8s.io/prow v0.0.0-20241008143622-24e765300acd/go.mod h1:pIRtWATIC8KvHH3muVaVR4/TCrTyNbTjvYQUXCIsCZg=
sigs.k8s.io/prow v0.0.0-20241015115823-f8a6bd32ab5f h1:c537iWiZ4tBU4KZ/qAK8aQRbYr+f6F/FIFXSKBdCKAE=
sigs.k8s.io/prow v0.0.0-20241015115823-f8a6bd32ab5f/go.mod h1:pIRtWATIC8KvHH3muVaVR4/TCrTyNbTjvYQUXCIsCZg=
sigs.k8s.io/prow v0.0.0-20241017152705-573cf9adb6f5 h1:noOEzDZ/LsU9NE5oeIzA/TpzkgJhqmuq6FQ3sE1dv+4=
sigs.k8s.io/prow v0.0.0-20241017152705-573cf9adb6f5/go.mod h1:pIRtWATIC8KvHH3muVaVR4/TCrTyNbTjvYQUXCIsCZg=
sigs.k8s.io/prow v0.0.0-20241021132706-9efd512d94f7 h1:5xDilqFqCGJS69B4xmJrUCUSfgYessr9V40bJuJ3BD4=
sigs.k8s.io/prow v0.0.0-20241021132706-9efd512d94f7/go.mod h1:pIRtWATIC8KvHH3muVaVR4/TCrTyNbTjvYQUXCIsCZg=
sigs.k8s.io/prow v0.0.0-20241029153655-f945d434db09 h1:ur30S87Y2fjWdceMToJW+3Z4M60GGf+wXM1NXBSpHpA=
sigs.k8s.io/prow v0.0.0-20241029153655-f945d434db09/go.mod h1:pIRtWATIC8KvHH3muVaVR4/TCrTyNbTjvYQUXCIsCZg=
sigs.k8s.io/prow v0.0.0-20241105183330-a04a36633615 h1:bFmJkhhlzzT0WxvQdkrlL1ojX00Zx03EhA5BjbfVlJ0=
sigs.k8s.io/prow v0.0.0-20241105183330-a04a36633615/go.mod h1:pIRtWATIC8KvHH3muVaVR4/TCrTyNbTjvYQUXCIsCZg=
sigs.k8s.io/prow v0.0.0-20241108134444-06ad3b644c49 h1:0vbNu2bjFmasHjfTgCCqpjq+5sFJLHVilisJouQToCM=
sigs.k8s.io/prow v0.0.0-20241108134444-06ad3b644c49/go.mod h1:pIRtWATIC8KvHH3muVaVR4/TCrTyNbTjvYQUXCIsCZg=
sigs.k8s.io/prow v0.0.0-20241108183843-b21d1cf48547 h1:SK259U/a98WHj2kAI67HZNyjM4RfwRFj1Weoha3ZhF8=
sigs.k8s.io/prow v0.0.0-20241108183843-b21d1cf48547/go.mod h1:pIRtWATIC8KvHH3muVaVR4/TCrTyNbTjvYQUXCIsCZg=
sigs.k8s.io/prow v0.0.0-20241113191647-0609cf5979f8 h1:/X7uJ7IjYLyxpSUc6ngT745NM0jixWWkcLjFvRXP6Qk=
sigs.k8s.io/prow v0.0.0-20241113191647-0609cf5979f8/go.mod h1:N6VWYpSqKvk9n+tE6h/xdVoD/8ekxcPINmgFmUYZtL4=
sigs.k8s.io/prow v0.0.0-20241116070252-cc8d4cf29a33 h1:XMm7Sm30s3lffUrtoMxCAZ16+e8YW7ecX02r7+Ku4ck=
sigs.k8s.io/prow v0.0.0-20241116070252-cc8d4cf29a33/go.mod h1:N6VWYpSqKvk9n+tE6h/xdVoD/8ekxcPINmgFmUYZtL4=
sigs.k8s.io/prow v0.0.0-20241122191854-ec19f24471d8 h1:TBmhRTv2fVpnZl7Hw5nsFpumlTXGj+EaC3ej9Ehz3Qs=
sigs.k8s.io/prow v0.0.0-20241122191854-ec19f24471d8/go.mod h1:1tSwYwUX5ODmroSnQDisu6BrgaG0NPq1xuPlyP+Z/a8=
sigs.k8s.io/prow v0.0.0-20241126134657-8f1101b48148 h1:HxMCYJLCPglCOMkYhke2wumE/bmDhnlVdwrRwktkY1U=
sigs.k8s.io/prow v0.0.0-20241126134657-8f1101b48148/go.mod h1:1tSwYwUX5ODmroSnQDisu6BrgaG0NPq1xuPlyP+Z/a8=
sigs.k8s.io/prow v0.0.0-20241202222459-68776376369e h1:/OVVfNGJpphcBoU+iXlDMJX741kWyU9ZBCW42nSJr/M=
sigs.k8s.io/prow v0.0.0-20241202222459-68776376369e/go.mod h1:1tSwYwUX5ODmroSnQDisu6BrgaG0NPq1xuPlyP+Z/a8=
sigs.k8s.io/prow v0.0.0-20241203114859-f9126b38a431 h1:mK7CIC57egU53Bpyr3UHeq64Ts6oRPF+338STe1u4xY=
sigs.k8s.io/prow v0.0.0-20241203114859-f9126b38a431/go.mod h1:1tSwYwUX5ODmroSnQDisu6BrgaG0NPq1xuPlyP+Z/a8=
sigs.k8s.io/prow v0.0.0-20241204004700-786db20302de h1:FuLxTdg5n1CBCB16XBva2YJYITfr55pzv8LOUswX5jA=
sigs.k8s.io/prow v0.0.0-20241204004700-786db20302de/go.mod h1:1tSwYwUX5ODmroSnQDisu6BrgaG0NPq1xuPlyP+Z/a8=
sigs.k8s.io/prow v0.0.0-20241204190702-d4937a693400 h1:4eODERcAK71Eid+c0O4cxq4qDtTHjL5D86AyV6exVZc=
sigs.k8s.io/prow v0.0.0-20241204190702-d4937a693400/go.mod h1:1tSwYwUX5ODmroSnQDisu6BrgaG0NPq1xuPlyP+Z/a8=
sigs.k8s.io/prow v0.0.0-20241209194407-74bb4e39ceb1 h1:s1wBeT3xuinFNlvNlSiZbyeyjqlUGRDnkugKp6ZDsg8=
sigs.k8s.io/prow v0.0.0-20241209194407-74bb4e39ceb1/go.mod h1:1tSwYwUX5ODmroSnQDisu6BrgaG0NPq1xuPlyP+Z/a8=
sigs.k8s.io/prow v0.0.0-20241210061803-e4b0fffb5f1d h1:7TrNdBoDUBnJU9zfBzP0p3tJhAxHnvTBkW1dArzSPxI=
sigs.k8s.io/prow v0.0.0-20241210061803-e4b0fffb5f1d/go.mod h1:1tSwYwUX5ODmroSnQDisu6BrgaG0NPq1xuPlyP+Z/a8=
sigs.k8s.io/prow v0.0.0-20241210202001-9b059e106dd9 h1:LuxgYnwxEkGRIrk2flETumLCr70kPXwnAEZHdJo5vb4=
sigs.k8s.io/prow v0.0.0-20241210202001-9b059e106dd9/go.mod h1:1tSwYwUX5ODmroSnQDisu6BrgaG0NPq1xuPlyP+Z/a8=
sigs.k8s.io/prow v0.0.0-20241217101453-ace5c41a5df4 h1:6mFZcFa1Qs3xntJA4ZNYBlOzMK+V9Xjw8se1BWcQOV0=
sigs.k8s.io/prow v0.0.0-20241217101453-ace5c41a5df4/go.mod h1:1tSwYwUX5ODmroSnQDisu6BrgaG0NPq1xuPlyP+Z/a8=
sigs.k8s.io/prow v0.0.0-20241223204410-1d2c3b928929 h1:F4GNx/LnSWnzDB4pZz9eesR7WgdzSRxJkTWWkIPfKSY=
sigs.k8s.io/prow v0.0.0-20241223204410-1d2c3b928929/go.mod h1:1tSwYwUX5ODmroSnQDisu6BrgaG0NPq1xuPlyP+Z/a8=
sigs.k8s.io/prow v0.0.0-20241224162210-8e8a5cfe7516 h1:2ju4FewM9Ysk5UOHUbZyIqJludWB5FzMM9GN4MZohc8=
sigs.k8s.io/prow v0.0.0-20241224162210-8e8a5cfe7516/go.mod h1:o6in4HBk36uDaIZ5JPvmHwRCGV9Xut0VSb1bDqlOzZk=
sigs.k8s.io/prow v0.0.0-20250122170240-abdac6c00f61 h1:Nj6GHODkHmAdC8Wq9u1PwsAfH/hVQ6D94KUsWSYs7zY=
sigs.k8s.io/prow v0.0.0-20250122170240-abdac6c00f61/go.mod h1:o6in4HBk36uDaIZ5JPvmHwRCGV9Xut0VSb1bDqlOzZk=
sigs.k8s.io/structured-merge-diff/v4 v4.4.1 h1:150L+0vs/8DA78h1u02ooW1/fFq/Lwr+sGiqlzvrtq4=
sigs.k8s.io/structured-merge-diff/v4 v4.4.1/go.mod h1:N8hJocpFajUSSeSJ9bOZ77VzejKZaXsTtZo4/u7Io08=
sigs.k8s.io/structured-merge-diff/v4 v4.4.2 h1:MdmvkGuXi/8io6ixD5wud3vOLwc1rj0aNqRlpuvjmwA=
sigs.k8s.io/structured-merge-diff/v4 v4.4.2/go.mod h1:N8f93tFZh9U6vpxwRArLiikrE5/2tiu1w1AGfACIGE4=
sigs.k8s.io/yaml v1.4.0 h1:Mk1wCc2gy/F0THH0TAp1QYyJNzRm2KCLy3o5ASXVI5E=
sigs.k8s.io/yaml v1.4.0/go.mod h1:Ejl7/uTz7PSA4eKMyQCUTnhZYNmLIl+5c2lQPGR2BPY=
